// !$*UTF8*$!
{
	archiveVersion = 1;
	classes = {
	};
	objectVersion = 46;
	objects = {

/* Begin PBXBuildFile section */
		E62CF37F1B9F5B410058D6FC /* BreakpadDefines.h in Headers */ = {isa = PBXBuildFile; fileRef = 16C7C968147D4A4200776EAD /* BreakpadDefines.h */; settings = {ATTRIBUTES = (Public, ); }; };
		E62CF3801B9F5B410058D6FC /* BreakpadController.h in Headers */ = {isa = PBXBuildFile; fileRef = 16C92FAB150DF8330053D7BA /* BreakpadController.h */; settings = {ATTRIBUTES = (Public, ); }; };
		E62CF3811B9F5B410058D6FC /* BreakpadInterface.h in Headers */ = {isa = PBXBuildFile; fileRef = 16C7C96A147D4A4200776EAD /* BreakpadInterface.h */; settings = {ATTRIBUTES = (Public, ); }; };
		E62CF3821B9F5B640058D6FC /* Foundation.framework in Frameworks */ = {isa = PBXBuildFile; fileRef = AACBBE490F95108600F1A2B1 /* Foundation.framework */; };
		E69E4E311B9F71EF00646EDB /* libstdc++.6.0.9.dylib in Frameworks */ = {isa = PBXBuildFile; fileRef = E69E4E301B9F71EF00646EDB /* libstdc++.6.0.9.dylib */; };
		E6C05D811BA1CB2B00CDDD08 /* BreakpadController.mm in Sources */ = {isa = PBXBuildFile; fileRef = 16C92FAC150DF8330053D7BA /* BreakpadController.mm */; settings = {COMPILER_FLAGS = "-fno-objc-arc"; }; };
		E6C05D821BA1CB2B00CDDD08 /* ios_exception_minidump_generator.mm in Sources */ = {isa = PBXBuildFile; fileRef = 16BFA67114E1965A009704F8 /* ios_exception_minidump_generator.mm */; settings = {COMPILER_FLAGS = "-fno-objc-arc"; }; };
		E6C05D831BA1CB2B00CDDD08 /* Breakpad.mm in Sources */ = {isa = PBXBuildFile; fileRef = 16C7C96B147D4A4200776EAD /* Breakpad.mm */; settings = {COMPILER_FLAGS = "-fno-objc-arc"; }; };
		E6C05D841BA1CB2B00CDDD08 /* ConfigFile.mm in Sources */ = {isa = PBXBuildFile; fileRef = 16C7CB9F147D4A4300776EAD /* ConfigFile.mm */; settings = {COMPILER_FLAGS = "-fno-objc-arc"; }; };
		E6C05D851BA1CB2B00CDDD08 /* breakpad_nlist_64.cc in Sources */ = {isa = PBXBuildFile; fileRef = 16C7CBAD147D4A4300776EAD /* breakpad_nlist_64.cc */; };
		E6C05D861BA1CB2B00CDDD08 /* dynamic_images.cc in Sources */ = {isa = PBXBuildFile; fileRef = 16C7CBAF147D4A4300776EAD /* dynamic_images.cc */; };
		E6C05D871BA1CB2B00CDDD08 /* exception_handler.cc in Sources */ = {isa = PBXBuildFile; fileRef = 16C7CBB1147D4A4300776EAD /* exception_handler.cc */; };
		E6C05D881BA1CB2B00CDDD08 /* minidump_generator.cc in Sources */ = {isa = PBXBuildFile; fileRef = 16C7CBB4147D4A4300776EAD /* minidump_generator.cc */; };
		E6C05D891BA1CB2B00CDDD08 /* protected_memory_allocator.cc in Sources */ = {isa = PBXBuildFile; fileRef = 16C7CBBC147D4A4300776EAD /* protected_memory_allocator.cc */; };
		E6C05D8A1BA1CB2B00CDDD08 /* uploader.mm in Sources */ = {isa = PBXBuildFile; fileRef = 16C7CBEB147D4A4300776EAD /* uploader.mm */; settings = {COMPILER_FLAGS = "-fno-objc-arc"; }; };
		E6C05D8B1BA1CB2B00CDDD08 /* minidump_file_writer.cc in Sources */ = {isa = PBXBuildFile; fileRef = 16C7CC05147D4A4300776EAD /* minidump_file_writer.cc */; };
		E6C05D8C1BA1CB2B00CDDD08 /* simple_string_dictionary.cc in Sources */ = {isa = PBXBuildFile; fileRef = 1EEEB60C1720821900F7E689 /* simple_string_dictionary.cc */; };
		E6C05D8D1BA1CB2B00CDDD08 /* convert_UTF.c in Sources */ = {isa = PBXBuildFile; fileRef = 16C7CC4A147D4A4300776EAD /* convert_UTF.c */; };
		E6C05D8E1BA1CB2B00CDDD08 /* GTMLogger.m in Sources */ = {isa = PBXBuildFile; fileRef = 16C7CC89147D4A4300776EAD /* GTMLogger.m */; settings = {COMPILER_FLAGS = "-fno-objc-arc"; }; };
		E6C05D8F1BA1CB2B00CDDD08 /* HTTPMultipartUpload.m in Sources */ = {isa = PBXBuildFile; fileRef = 16C7CC8B147D4A4300776EAD /* HTTPMultipartUpload.m */; settings = {COMPILER_FLAGS = "-fno-objc-arc"; }; };
		E6C05D901BA1CB2B00CDDD08 /* file_id.cc in Sources */ = {isa = PBXBuildFile; fileRef = 16C7CC93147D4A4300776EAD /* file_id.cc */; };
		E6C05D911BA1CB2B00CDDD08 /* macho_id.cc in Sources */ = {isa = PBXBuildFile; fileRef = 16C7CC95147D4A4300776EAD /* macho_id.cc */; };
		E6C05D921BA1CB2B00CDDD08 /* macho_utilities.cc in Sources */ = {isa = PBXBuildFile; fileRef = 16C7CC9A147D4A4300776EAD /* macho_utilities.cc */; };
		E6C05D931BA1CB2B00CDDD08 /* macho_walker.cc in Sources */ = {isa = PBXBuildFile; fileRef = 16C7CC9C147D4A4300776EAD /* macho_walker.cc */; };
		E6C05D941BA1CB2B00CDDD08 /* string_utilities.cc in Sources */ = {isa = PBXBuildFile; fileRef = 16C7CC9F147D4A4300776EAD /* string_utilities.cc */; };
		E6C05D951BA1CB2B00CDDD08 /* md5.cc in Sources */ = {isa = PBXBuildFile; fileRef = 16C7CCA4147D4A4300776EAD /* md5.cc */; };
		E6C05D961BA1CB2B00CDDD08 /* string_conversion.cc in Sources */ = {isa = PBXBuildFile; fileRef = 16C7CCB9147D4A4300776EAD /* string_conversion.cc */; };
		E6C05D971BA1CB4E00CDDD08 /* ios_exception_minidump_generator.h in Headers */ = {isa = PBXBuildFile; fileRef = 16BFA66E14E195E9009704F8 /* ios_exception_minidump_generator.h */; };
		E6C05D981BA1CB4E00CDDD08 /* ConfigFile.h in Headers */ = {isa = PBXBuildFile; fileRef = 16C7CB9E147D4A4300776EAD /* ConfigFile.h */; };
		E6C05D991BA1CB4E00CDDD08 /* breakpad_nlist_64.h in Headers */ = {isa = PBXBuildFile; fileRef = 16C7CBAE147D4A4300776EAD /* breakpad_nlist_64.h */; };
		E6C05D9A1BA1CB4E00CDDD08 /* dynamic_images.h in Headers */ = {isa = PBXBuildFile; fileRef = 16C7CBB0147D4A4300776EAD /* dynamic_images.h */; };
		E6C05D9B1BA1CB4E00CDDD08 /* exception_handler.h in Headers */ = {isa = PBXBuildFile; fileRef = 16C7CBB2147D4A4300776EAD /* exception_handler.h */; };
		E6C05D9C1BA1CB4E00CDDD08 /* mach_vm_compat.h in Headers */ = {isa = PBXBuildFile; fileRef = 14569322182CE2C10029C465 /* mach_vm_compat.h */; };
		E6C05D9D1BA1CB4E00CDDD08 /* minidump_generator.h in Headers */ = {isa = PBXBuildFile; fileRef = 16C7CBB5147D4A4300776EAD /* minidump_generator.h */; };
		E6C05D9E1BA1CB4E00CDDD08 /* protected_memory_allocator.h in Headers */ = {isa = PBXBuildFile; fileRef = 16C7CBBD147D4A4300776EAD /* protected_memory_allocator.h */; };
		E6C05D9F1BA1CB4E00CDDD08 /* ucontext_compat.h in Headers */ = {isa = PBXBuildFile; fileRef = 14569320182CE29F0029C465 /* ucontext_compat.h */; };
		E6C05DA01BA1CB4E00CDDD08 /* uploader.h in Headers */ = {isa = PBXBuildFile; fileRef = 16C7CBEA147D4A4300776EAD /* uploader.h */; };
		E6C05DA11BA1CB4E00CDDD08 /* minidump_file_writer-inl.h in Headers */ = {isa = PBXBuildFile; fileRef = 16C7CC04147D4A4300776EAD /* minidump_file_writer-inl.h */; };
		E6C05DA21BA1CB4E00CDDD08 /* minidump_file_writer.h in Headers */ = {isa = PBXBuildFile; fileRef = 16C7CC06147D4A4300776EAD /* minidump_file_writer.h */; };
		E6C05DA31BA1CB4E00CDDD08 /* simple_string_dictionary.h in Headers */ = {isa = PBXBuildFile; fileRef = 1EEEB60D1720821900F7E689 /* simple_string_dictionary.h */; };
		E6C05DA41BA1CB4E00CDDD08 /* convert_UTF.h in Headers */ = {isa = PBXBuildFile; fileRef = 16C7CC4B147D4A4300776EAD /* convert_UTF.h */; };
		E6C05DA51BA1CB4E00CDDD08 /* GTMLogger.h in Headers */ = {isa = PBXBuildFile; fileRef = 16C7CC88147D4A4300776EAD /* GTMLogger.h */; };
		E6C05DA61BA1CB4E00CDDD08 /* HTTPMultipartUpload.h in Headers */ = {isa = PBXBuildFile; fileRef = 16C7CC8A147D4A4300776EAD /* HTTPMultipartUpload.h */; };
		E6C05DA71BA1CB4E00CDDD08 /* file_id.h in Headers */ = {isa = PBXBuildFile; fileRef = 16C7CC94147D4A4300776EAD /* file_id.h */; };
		E6C05DA81BA1CB4E00CDDD08 /* macho_id.h in Headers */ = {isa = PBXBuildFile; fileRef = 16C7CC96147D4A4300776EAD /* macho_id.h */; };
		E6C05DA91BA1CB4E00CDDD08 /* macho_utilities.h in Headers */ = {isa = PBXBuildFile; fileRef = 16C7CC9B147D4A4300776EAD /* macho_utilities.h */; };
		E6C05DAA1BA1CB4E00CDDD08 /* macho_walker.h in Headers */ = {isa = PBXBuildFile; fileRef = 16C7CC9D147D4A4300776EAD /* macho_walker.h */; };
		E6C05DAB1BA1CB4E00CDDD08 /* string_utilities.h in Headers */ = {isa = PBXBuildFile; fileRef = 16C7CCA0147D4A4300776EAD /* string_utilities.h */; };
		E6C05DAC1BA1CB4E00CDDD08 /* md5.h in Headers */ = {isa = PBXBuildFile; fileRef = 16C7CCA5147D4A4300776EAD /* md5.h */; };
		E6C05DAD1BA1CB4E00CDDD08 /* string_conversion.h in Headers */ = {isa = PBXBuildFile; fileRef = 16C7CCBA147D4A4300776EAD /* string_conversion.h */; };
		E6C05DAE1BA1CB4E00CDDD08 /* Breakpad_Prefix.pch in Headers */ = {isa = PBXBuildFile; fileRef = AA747D9E0F9514B9006C5449 /* Breakpad_Prefix.pch */; };
		E6C05DB71BA1E6F900CDDD08 /* Breakpad.h in Headers */ = {isa = PBXBuildFile; fileRef = E6C05DB51BA1E6F900CDDD08 /* Breakpad.h */; settings = {ATTRIBUTES = (Public, ); }; };
		E6C05DB81BA1E6F900CDDD08 /* Info.plist in Resources */ = {isa = PBXBuildFile; fileRef = E6C05DB61BA1E6F900CDDD08 /* Info.plist */; };
/* End PBXBuildFile section */

/* Begin PBXFileReference section */
		14569320182CE29F0029C465 /* ucontext_compat.h */ = {isa = PBXFileReference; fileEncoding = 4; lastKnownFileType = sourcecode.c.h; path = ucontext_compat.h; sourceTree = "<group>"; };
		14569322182CE2C10029C465 /* mach_vm_compat.h */ = {isa = PBXFileReference; fileEncoding = 4; lastKnownFileType = sourcecode.c.h; path = mach_vm_compat.h; sourceTree = "<group>"; };
		16BFA66E14E195E9009704F8 /* ios_exception_minidump_generator.h */ = {isa = PBXFileReference; fileEncoding = 4; lastKnownFileType = sourcecode.c.h; path = ios_exception_minidump_generator.h; sourceTree = "<group>"; };
		16BFA67114E1965A009704F8 /* ios_exception_minidump_generator.mm */ = {isa = PBXFileReference; fileEncoding = 4; lastKnownFileType = sourcecode.cpp.objcpp; path = ios_exception_minidump_generator.mm; sourceTree = "<group>"; };
		16C7C968147D4A4200776EAD /* BreakpadDefines.h */ = {isa = PBXFileReference; fileEncoding = 4; lastKnownFileType = sourcecode.c.h; path = BreakpadDefines.h; sourceTree = "<group>"; };
		16C7C96A147D4A4200776EAD /* BreakpadInterface.h */ = {isa = PBXFileReference; fileEncoding = 4; lastKnownFileType = sourcecode.c.h; path = BreakpadInterface.h; sourceTree = "<group>"; };
		16C7C96B147D4A4200776EAD /* Breakpad.mm */ = {isa = PBXFileReference; fileEncoding = 4; lastKnownFileType = sourcecode.cpp.objcpp; path = Breakpad.mm; sourceTree = "<group>"; };
		16C7CB9E147D4A4300776EAD /* ConfigFile.h */ = {isa = PBXFileReference; fileEncoding = 4; lastKnownFileType = sourcecode.c.h; path = ConfigFile.h; sourceTree = "<group>"; };
		16C7CB9F147D4A4300776EAD /* ConfigFile.mm */ = {isa = PBXFileReference; fileEncoding = 4; lastKnownFileType = sourcecode.cpp.objcpp; path = ConfigFile.mm; sourceTree = "<group>"; };
		16C7CBAD147D4A4300776EAD /* breakpad_nlist_64.cc */ = {isa = PBXFileReference; fileEncoding = 4; lastKnownFileType = sourcecode.cpp.cpp; path = breakpad_nlist_64.cc; sourceTree = "<group>"; };
		16C7CBAE147D4A4300776EAD /* breakpad_nlist_64.h */ = {isa = PBXFileReference; fileEncoding = 4; lastKnownFileType = sourcecode.c.h; path = breakpad_nlist_64.h; sourceTree = "<group>"; };
		16C7CBAF147D4A4300776EAD /* dynamic_images.cc */ = {isa = PBXFileReference; fileEncoding = 4; lastKnownFileType = sourcecode.cpp.cpp; path = dynamic_images.cc; sourceTree = "<group>"; };
		16C7CBB0147D4A4300776EAD /* dynamic_images.h */ = {isa = PBXFileReference; fileEncoding = 4; lastKnownFileType = sourcecode.c.h; path = dynamic_images.h; sourceTree = "<group>"; };
		16C7CBB1147D4A4300776EAD /* exception_handler.cc */ = {isa = PBXFileReference; fileEncoding = 4; lastKnownFileType = sourcecode.cpp.cpp; path = exception_handler.cc; sourceTree = "<group>"; };
		16C7CBB2147D4A4300776EAD /* exception_handler.h */ = {isa = PBXFileReference; fileEncoding = 4; lastKnownFileType = sourcecode.c.h; path = exception_handler.h; sourceTree = "<group>"; };
		16C7CBB4147D4A4300776EAD /* minidump_generator.cc */ = {isa = PBXFileReference; fileEncoding = 4; lastKnownFileType = sourcecode.cpp.cpp; path = minidump_generator.cc; sourceTree = "<group>"; };
		16C7CBB5147D4A4300776EAD /* minidump_generator.h */ = {isa = PBXFileReference; fileEncoding = 4; lastKnownFileType = sourcecode.c.h; path = minidump_generator.h; sourceTree = "<group>"; };
		16C7CBBC147D4A4300776EAD /* protected_memory_allocator.cc */ = {isa = PBXFileReference; fileEncoding = 4; lastKnownFileType = sourcecode.cpp.cpp; path = protected_memory_allocator.cc; sourceTree = "<group>"; };
		16C7CBBD147D4A4300776EAD /* protected_memory_allocator.h */ = {isa = PBXFileReference; fileEncoding = 4; lastKnownFileType = sourcecode.c.h; path = protected_memory_allocator.h; sourceTree = "<group>"; };
		16C7CBEA147D4A4300776EAD /* uploader.h */ = {isa = PBXFileReference; fileEncoding = 4; lastKnownFileType = sourcecode.c.h; path = uploader.h; sourceTree = "<group>"; };
		16C7CBEB147D4A4300776EAD /* uploader.mm */ = {isa = PBXFileReference; fileEncoding = 4; lastKnownFileType = sourcecode.cpp.objcpp; path = uploader.mm; sourceTree = "<group>"; };
		16C7CC04147D4A4300776EAD /* minidump_file_writer-inl.h */ = {isa = PBXFileReference; fileEncoding = 4; lastKnownFileType = sourcecode.c.h; path = "minidump_file_writer-inl.h"; sourceTree = "<group>"; };
		16C7CC05147D4A4300776EAD /* minidump_file_writer.cc */ = {isa = PBXFileReference; fileEncoding = 4; lastKnownFileType = sourcecode.cpp.cpp; path = minidump_file_writer.cc; sourceTree = "<group>"; };
		16C7CC06147D4A4300776EAD /* minidump_file_writer.h */ = {isa = PBXFileReference; fileEncoding = 4; lastKnownFileType = sourcecode.c.h; path = minidump_file_writer.h; sourceTree = "<group>"; };
		16C7CC07147D4A4300776EAD /* minidump_file_writer_unittest.cc */ = {isa = PBXFileReference; fileEncoding = 4; lastKnownFileType = sourcecode.cpp.cpp; path = minidump_file_writer_unittest.cc; sourceTree = "<group>"; };
		16C7CC4A147D4A4300776EAD /* convert_UTF.c */ = {isa = PBXFileReference; fileEncoding = 4; lastKnownFileType = sourcecode.c.c; path = convert_UTF.c; sourceTree = "<group>"; };
		16C7CC4B147D4A4300776EAD /* convert_UTF.h */ = {isa = PBXFileReference; fileEncoding = 4; lastKnownFileType = sourcecode.c.h; path = convert_UTF.h; sourceTree = "<group>"; };
		16C7CC88147D4A4300776EAD /* GTMLogger.h */ = {isa = PBXFileReference; fileEncoding = 4; lastKnownFileType = sourcecode.c.h; path = GTMLogger.h; sourceTree = "<group>"; };
		16C7CC89147D4A4300776EAD /* GTMLogger.m */ = {isa = PBXFileReference; fileEncoding = 4; lastKnownFileType = sourcecode.c.objc; path = GTMLogger.m; sourceTree = "<group>"; };
		16C7CC8A147D4A4300776EAD /* HTTPMultipartUpload.h */ = {isa = PBXFileReference; fileEncoding = 4; lastKnownFileType = sourcecode.c.h; path = HTTPMultipartUpload.h; sourceTree = "<group>"; };
		16C7CC8B147D4A4300776EAD /* HTTPMultipartUpload.m */ = {isa = PBXFileReference; fileEncoding = 4; lastKnownFileType = sourcecode.c.objc; path = HTTPMultipartUpload.m; sourceTree = "<group>"; };
		16C7CC93147D4A4300776EAD /* file_id.cc */ = {isa = PBXFileReference; fileEncoding = 4; lastKnownFileType = sourcecode.cpp.cpp; path = file_id.cc; sourceTree = "<group>"; };
		16C7CC94147D4A4300776EAD /* file_id.h */ = {isa = PBXFileReference; fileEncoding = 4; lastKnownFileType = sourcecode.c.h; path = file_id.h; sourceTree = "<group>"; };
		16C7CC95147D4A4300776EAD /* macho_id.cc */ = {isa = PBXFileReference; fileEncoding = 4; lastKnownFileType = sourcecode.cpp.cpp; path = macho_id.cc; sourceTree = "<group>"; };
		16C7CC96147D4A4300776EAD /* macho_id.h */ = {isa = PBXFileReference; fileEncoding = 4; lastKnownFileType = sourcecode.c.h; path = macho_id.h; sourceTree = "<group>"; };
		16C7CC9A147D4A4300776EAD /* macho_utilities.cc */ = {isa = PBXFileReference; fileEncoding = 4; lastKnownFileType = sourcecode.cpp.cpp; path = macho_utilities.cc; sourceTree = "<group>"; };
		16C7CC9B147D4A4300776EAD /* macho_utilities.h */ = {isa = PBXFileReference; fileEncoding = 4; lastKnownFileType = sourcecode.c.h; path = macho_utilities.h; sourceTree = "<group>"; };
		16C7CC9C147D4A4300776EAD /* macho_walker.cc */ = {isa = PBXFileReference; fileEncoding = 4; lastKnownFileType = sourcecode.cpp.cpp; path = macho_walker.cc; sourceTree = "<group>"; };
		16C7CC9D147D4A4300776EAD /* macho_walker.h */ = {isa = PBXFileReference; fileEncoding = 4; lastKnownFileType = sourcecode.c.h; path = macho_walker.h; sourceTree = "<group>"; };
		16C7CC9F147D4A4300776EAD /* string_utilities.cc */ = {isa = PBXFileReference; fileEncoding = 4; lastKnownFileType = sourcecode.cpp.cpp; path = string_utilities.cc; sourceTree = "<group>"; };
		16C7CCA0147D4A4300776EAD /* string_utilities.h */ = {isa = PBXFileReference; fileEncoding = 4; lastKnownFileType = sourcecode.c.h; path = string_utilities.h; sourceTree = "<group>"; };
		16C7CCA4147D4A4300776EAD /* md5.cc */ = {isa = PBXFileReference; fileEncoding = 4; lastKnownFileType = sourcecode.cpp.cpp; path = md5.cc; sourceTree = "<group>"; };
		16C7CCA5147D4A4300776EAD /* md5.h */ = {isa = PBXFileReference; fileEncoding = 4; lastKnownFileType = sourcecode.c.h; path = md5.h; sourceTree = "<group>"; };
		16C7CCB9147D4A4300776EAD /* string_conversion.cc */ = {isa = PBXFileReference; fileEncoding = 4; lastKnownFileType = sourcecode.cpp.cpp; path = string_conversion.cc; sourceTree = "<group>"; };
		16C7CCBA147D4A4300776EAD /* string_conversion.h */ = {isa = PBXFileReference; fileEncoding = 4; lastKnownFileType = sourcecode.c.h; path = string_conversion.h; sourceTree = "<group>"; };
		16C92FAB150DF8330053D7BA /* BreakpadController.h */ = {isa = PBXFileReference; fileEncoding = 4; lastKnownFileType = sourcecode.c.h; path = BreakpadController.h; sourceTree = "<group>"; };
		16C92FAC150DF8330053D7BA /* BreakpadController.mm */ = {isa = PBXFileReference; fileEncoding = 4; lastKnownFileType = sourcecode.cpp.objcpp; path = BreakpadController.mm; sourceTree = "<group>"; };
		1EEEB60C1720821900F7E689 /* simple_string_dictionary.cc */ = {isa = PBXFileReference; fileEncoding = 4; lastKnownFileType = sourcecode.cpp.cpp; path = simple_string_dictionary.cc; sourceTree = "<group>"; };
		1EEEB60D1720821900F7E689 /* simple_string_dictionary.h */ = {isa = PBXFileReference; fileEncoding = 4; lastKnownFileType = sourcecode.c.h; path = simple_string_dictionary.h; sourceTree = "<group>"; };
		AA747D9E0F9514B9006C5449 /* Breakpad_Prefix.pch */ = {isa = PBXFileReference; fileEncoding = 4; lastKnownFileType = sourcecode.c.h; path = Breakpad_Prefix.pch; sourceTree = SOURCE_ROOT; };
		AACBBE490F95108600F1A2B1 /* Foundation.framework */ = {isa = PBXFileReference; lastKnownFileType = wrapper.framework; name = Foundation.framework; path = System/Library/Frameworks/Foundation.framework; sourceTree = SDKROOT; };
		E62CF3761B9F5AE40058D6FC /* Breakpad.framework */ = {isa = PBXFileReference; explicitFileType = wrapper.framework; includeInIndex = 0; path = Breakpad.framework; sourceTree = BUILT_PRODUCTS_DIR; };
		E62CF3851B9F5B700058D6FC /* libstdc++.6.0.9.tbd */ = {isa = PBXFileReference; lastKnownFileType = "sourcecode.text-based-dylib-definition"; name = "libstdc++.6.0.9.tbd"; path = "usr/lib/libstdc++.6.0.9.tbd"; sourceTree = SDKROOT; };
		E69E4E301B9F71EF00646EDB /* libstdc++.6.0.9.dylib */ = {isa = PBXFileReference; lastKnownFileType = "compiled.mach-o.dylib"; name = "libstdc++.6.0.9.dylib"; path = "usr/lib/libstdc++.6.0.9.dylib"; sourceTree = SDKROOT; };
		E6C05DB51BA1E6F900CDDD08 /* Breakpad.h */ = {isa = PBXFileReference; fileEncoding = 4; lastKnownFileType = sourcecode.c.h; name = Breakpad.h; path = Breakpad/Breakpad.h; sourceTree = "<group>"; };
		E6C05DB61BA1E6F900CDDD08 /* Info.plist */ = {isa = PBXFileReference; fileEncoding = 4; lastKnownFileType = text.plist.xml; name = Info.plist; path = Breakpad/Info.plist; sourceTree = "<group>"; };
/* End PBXFileReference section */

/* Begin PBXFrameworksBuildPhase section */
		E62CF3721B9F5AE40058D6FC /* Frameworks */ = {
			isa = PBXFrameworksBuildPhase;
			buildActionMask = 2147483647;
			files = (
				E69E4E311B9F71EF00646EDB /* libstdc++.6.0.9.dylib in Frameworks */,
				E62CF3821B9F5B640058D6FC /* Foundation.framework in Frameworks */,
			);
			runOnlyForDeploymentPostprocessing = 0;
		};
/* End PBXFrameworksBuildPhase section */

/* Begin PBXGroup section */
		034768DFFF38A50411DB9C8B /* Products */ = {
			isa = PBXGroup;
			children = (
				E62CF3761B9F5AE40058D6FC /* Breakpad.framework */,
			);
			name = Products;
			sourceTree = "<group>";
		};
		0867D691FE84028FC02AAC07 /* Breakpad */ = {
			isa = PBXGroup;
			children = (
				08FB77AEFE84172EC02AAC07 /* Classes */,
				32C88DFF0371C24200C91783 /* Other Sources */,
				0867D69AFE84028FC02AAC07 /* Frameworks */,
				034768DFFF38A50411DB9C8B /* Products */,
			);
			name = Breakpad;
			sourceTree = "<group>";
		};
		0867D69AFE84028FC02AAC07 /* Frameworks */ = {
			isa = PBXGroup;
			children = (
				E69E4E301B9F71EF00646EDB /* libstdc++.6.0.9.dylib */,
				E62CF3851B9F5B700058D6FC /* libstdc++.6.0.9.tbd */,
				AACBBE490F95108600F1A2B1 /* Foundation.framework */,
			);
			name = Frameworks;
			sourceTree = "<group>";
		};
		08FB77AEFE84172EC02AAC07 /* Classes */ = {
			isa = PBXGroup;
			children = (
				16C7C965147D4A4200776EAD /* client */,
				16C7CC47147D4A4300776EAD /* common */,
			);
			name = Classes;
			sourceTree = "<group>";
		};
		16BFA66A14E195E9009704F8 /* handler */ = {
			isa = PBXGroup;
			children = (
				16BFA67114E1965A009704F8 /* ios_exception_minidump_generator.mm */,
				16BFA66E14E195E9009704F8 /* ios_exception_minidump_generator.h */,
			);
			path = handler;
			sourceTree = "<group>";
		};
		16C7C965147D4A4200776EAD /* client */ = {
			isa = PBXGroup;
			children = (
				16C7C966147D4A4200776EAD /* apple */,
				16C7C969147D4A4200776EAD /* ios */,
				16C7C99E147D4A4200776EAD /* mac */,
				16C7CC04147D4A4300776EAD /* minidump_file_writer-inl.h */,
				16C7CC05147D4A4300776EAD /* minidump_file_writer.cc */,
				16C7CC06147D4A4300776EAD /* minidump_file_writer.h */,
				16C7CC07147D4A4300776EAD /* minidump_file_writer_unittest.cc */,
			);
			name = client;
			path = ..;
			sourceTree = SOURCE_ROOT;
		};
		16C7C966147D4A4200776EAD /* apple */ = {
			isa = PBXGroup;
			children = (
				16C7C967147D4A4200776EAD /* Framework */,
			);
			path = apple;
			sourceTree = "<group>";
		};
		16C7C967147D4A4200776EAD /* Framework */ = {
			isa = PBXGroup;
			children = (
				16C7C968147D4A4200776EAD /* BreakpadDefines.h */,
			);
			path = Framework;
			sourceTree = "<group>";
		};
		16C7C969147D4A4200776EAD /* ios */ = {
			isa = PBXGroup;
			children = (
				16BFA66A14E195E9009704F8 /* handler */,
				16C92FAB150DF8330053D7BA /* BreakpadController.h */,
				16C92FAC150DF8330053D7BA /* BreakpadController.mm */,
				16C7C96A147D4A4200776EAD /* BreakpadInterface.h */,
				16C7C96B147D4A4200776EAD /* Breakpad.mm */,
			);
			path = ios;
			sourceTree = "<group>";
		};
		16C7C99E147D4A4200776EAD /* mac */ = {
			isa = PBXGroup;
			children = (
				16C7CB9D147D4A4300776EAD /* crash_generation */,
				16C7CBAA147D4A4300776EAD /* handler */,
				16C7CBC8147D4A4300776EAD /* sender */,
			);
			path = mac;
			sourceTree = "<group>";
		};
		16C7CB9D147D4A4300776EAD /* crash_generation */ = {
			isa = PBXGroup;
			children = (
				16C7CB9E147D4A4300776EAD /* ConfigFile.h */,
				16C7CB9F147D4A4300776EAD /* ConfigFile.mm */,
			);
			path = crash_generation;
			sourceTree = "<group>";
		};
		16C7CBAA147D4A4300776EAD /* handler */ = {
			isa = PBXGroup;
			children = (
				16C7CBAD147D4A4300776EAD /* breakpad_nlist_64.cc */,
				16C7CBAE147D4A4300776EAD /* breakpad_nlist_64.h */,
				16C7CBAF147D4A4300776EAD /* dynamic_images.cc */,
				16C7CBB0147D4A4300776EAD /* dynamic_images.h */,
				16C7CBB1147D4A4300776EAD /* exception_handler.cc */,
				16C7CBB2147D4A4300776EAD /* exception_handler.h */,
				14569322182CE2C10029C465 /* mach_vm_compat.h */,
				16C7CBB4147D4A4300776EAD /* minidump_generator.cc */,
				16C7CBB5147D4A4300776EAD /* minidump_generator.h */,
				16C7CBBC147D4A4300776EAD /* protected_memory_allocator.cc */,
				16C7CBBD147D4A4300776EAD /* protected_memory_allocator.h */,
				14569320182CE29F0029C465 /* ucontext_compat.h */,
			);
			path = handler;
			sourceTree = "<group>";
		};
		16C7CBC8147D4A4300776EAD /* sender */ = {
			isa = PBXGroup;
			children = (
				16C7CBEA147D4A4300776EAD /* uploader.h */,
				16C7CBEB147D4A4300776EAD /* uploader.mm */,
			);
			path = sender;
			sourceTree = "<group>";
		};
		16C7CC47147D4A4300776EAD /* common */ = {
			isa = PBXGroup;
			children = (
				1EEEB60C1720821900F7E689 /* simple_string_dictionary.cc */,
				1EEEB60D1720821900F7E689 /* simple_string_dictionary.h */,
				16C7CC4A147D4A4300776EAD /* convert_UTF.c */,
				16C7CC4B147D4A4300776EAD /* convert_UTF.h */,
				16C7CC82147D4A4300776EAD /* mac */,
				16C7CCA4147D4A4300776EAD /* md5.cc */,
				16C7CCA5147D4A4300776EAD /* md5.h */,
				16C7CCB9147D4A4300776EAD /* string_conversion.cc */,
				16C7CCBA147D4A4300776EAD /* string_conversion.h */,
			);
			name = common;
			path = ../../common;
			sourceTree = SOURCE_ROOT;
		};
		16C7CC82147D4A4300776EAD /* mac */ = {
			isa = PBXGroup;
			children = (
				16C7CC88147D4A4300776EAD /* GTMLogger.h */,
				16C7CC89147D4A4300776EAD /* GTMLogger.m */,
				16C7CC8A147D4A4300776EAD /* HTTPMultipartUpload.h */,
				16C7CC8B147D4A4300776EAD /* HTTPMultipartUpload.m */,
				16C7CC93147D4A4300776EAD /* file_id.cc */,
				16C7CC94147D4A4300776EAD /* file_id.h */,
				16C7CC95147D4A4300776EAD /* macho_id.cc */,
				16C7CC96147D4A4300776EAD /* macho_id.h */,
				16C7CC9A147D4A4300776EAD /* macho_utilities.cc */,
				16C7CC9B147D4A4300776EAD /* macho_utilities.h */,
				16C7CC9C147D4A4300776EAD /* macho_walker.cc */,
				16C7CC9D147D4A4300776EAD /* macho_walker.h */,
				16C7CC9F147D4A4300776EAD /* string_utilities.cc */,
				16C7CCA0147D4A4300776EAD /* string_utilities.h */,
			);
			path = mac;
			sourceTree = "<group>";
		};
		32C88DFF0371C24200C91783 /* Other Sources */ = {
			isa = PBXGroup;
			children = (
				E6C05DB51BA1E6F900CDDD08 /* Breakpad.h */,
				E6C05DB61BA1E6F900CDDD08 /* Info.plist */,
				AA747D9E0F9514B9006C5449 /* Breakpad_Prefix.pch */,
			);
			name = "Other Sources";
			sourceTree = "<group>";
		};
/* End PBXGroup section */

/* Begin PBXHeadersBuildPhase section */
		E62CF3731B9F5AE40058D6FC /* Headers */ = {
			isa = PBXHeadersBuildPhase;
			buildActionMask = 2147483647;
			files = (
				E6C05DB71BA1E6F900CDDD08 /* Breakpad.h in Headers */,
				E62CF37F1B9F5B410058D6FC /* BreakpadDefines.h in Headers */,
				E62CF3801B9F5B410058D6FC /* BreakpadController.h in Headers */,
				E62CF3811B9F5B410058D6FC /* BreakpadInterface.h in Headers */,
				E6C05D971BA1CB4E00CDDD08 /* ios_exception_minidump_generator.h in Headers */,
				E6C05D981BA1CB4E00CDDD08 /* ConfigFile.h in Headers */,
				E6C05D991BA1CB4E00CDDD08 /* breakpad_nlist_64.h in Headers */,
				E6C05D9A1BA1CB4E00CDDD08 /* dynamic_images.h in Headers */,
				E6C05D9B1BA1CB4E00CDDD08 /* exception_handler.h in Headers */,
				E6C05D9C1BA1CB4E00CDDD08 /* mach_vm_compat.h in Headers */,
				E6C05D9D1BA1CB4E00CDDD08 /* minidump_generator.h in Headers */,
				E6C05D9E1BA1CB4E00CDDD08 /* protected_memory_allocator.h in Headers */,
				E6C05D9F1BA1CB4E00CDDD08 /* ucontext_compat.h in Headers */,
				E6C05DA01BA1CB4E00CDDD08 /* uploader.h in Headers */,
				E6C05DA11BA1CB4E00CDDD08 /* minidump_file_writer-inl.h in Headers */,
				E6C05DA21BA1CB4E00CDDD08 /* minidump_file_writer.h in Headers */,
				E6C05DA31BA1CB4E00CDDD08 /* simple_string_dictionary.h in Headers */,
				E6C05DA41BA1CB4E00CDDD08 /* convert_UTF.h in Headers */,
				E6C05DA51BA1CB4E00CDDD08 /* GTMLogger.h in Headers */,
				E6C05DA61BA1CB4E00CDDD08 /* HTTPMultipartUpload.h in Headers */,
				E6C05DA71BA1CB4E00CDDD08 /* file_id.h in Headers */,
				E6C05DA81BA1CB4E00CDDD08 /* macho_id.h in Headers */,
				E6C05DA91BA1CB4E00CDDD08 /* macho_utilities.h in Headers */,
				E6C05DAA1BA1CB4E00CDDD08 /* macho_walker.h in Headers */,
				E6C05DAB1BA1CB4E00CDDD08 /* string_utilities.h in Headers */,
				E6C05DAC1BA1CB4E00CDDD08 /* md5.h in Headers */,
				E6C05DAD1BA1CB4E00CDDD08 /* string_conversion.h in Headers */,
				E6C05DAE1BA1CB4E00CDDD08 /* Breakpad_Prefix.pch in Headers */,
			);
			runOnlyForDeploymentPostprocessing = 0;
		};
/* End PBXHeadersBuildPhase section */

/* Begin PBXNativeTarget section */
		E62CF3751B9F5AE40058D6FC /* Breakpad */ = {
			isa = PBXNativeTarget;
			buildConfigurationList = E62CF37D1B9F5AE40058D6FC /* Build configuration list for PBXNativeTarget "Breakpad" */;
			buildPhases = (
				E62CF3711B9F5AE40058D6FC /* Sources */,
				E62CF3721B9F5AE40058D6FC /* Frameworks */,
				E62CF3731B9F5AE40058D6FC /* Headers */,
				E62CF3741B9F5AE40058D6FC /* Resources */,
			);
			buildRules = (
			);
			dependencies = (
			);
			name = Breakpad;
			productName = BreakpadiOS;
			productReference = E62CF3761B9F5AE40058D6FC /* Breakpad.framework */;
			productType = "com.apple.product-type.framework";
		};
/* End PBXNativeTarget section */

/* Begin PBXProject section */
		0867D690FE84028FC02AAC07 /* Project object */ = {
			isa = PBXProject;
			attributes = {
				LastUpgradeCheck = 0700;
				TargetAttributes = {
					E62CF3751B9F5AE40058D6FC = {
						CreatedOnToolsVersion = 7.0;
					};
				};
			};
			buildConfigurationList = 1DEB922208733DC00010E9CD /* Build configuration list for PBXProject "Breakpad" */;
			compatibilityVersion = "Xcode 3.2";
			developmentRegion = English;
			hasScannedForEncodings = 1;
			knownRegions = (
				English,
				Japanese,
				French,
				German,
				da,
				de,
				es,
				fr,
				it,
				ja,
				nl,
				no,
				sl,
				sv,
				tr,
				Base,
			);
			mainGroup = 0867D691FE84028FC02AAC07 /* Breakpad */;
			productRefGroup = 034768DFFF38A50411DB9C8B /* Products */;
			projectDirPath = "";
			projectRoot = "";
			targets = (
				E62CF3751B9F5AE40058D6FC /* Breakpad */,
			);
		};
/* End PBXProject section */

/* Begin PBXResourcesBuildPhase section */
		E62CF3741B9F5AE40058D6FC /* Resources */ = {
			isa = PBXResourcesBuildPhase;
			buildActionMask = 2147483647;
			files = (
				E6C05DB81BA1E6F900CDDD08 /* Info.plist in Resources */,
			);
			runOnlyForDeploymentPostprocessing = 0;
		};
/* End PBXResourcesBuildPhase section */

/* Begin PBXSourcesBuildPhase section */
		E62CF3711B9F5AE40058D6FC /* Sources */ = {
			isa = PBXSourcesBuildPhase;
			buildActionMask = 2147483647;
			files = (
				E6C05D811BA1CB2B00CDDD08 /* BreakpadController.mm in Sources */,
				E6C05D821BA1CB2B00CDDD08 /* ios_exception_minidump_generator.mm in Sources */,
				E6C05D831BA1CB2B00CDDD08 /* Breakpad.mm in Sources */,
				E6C05D841BA1CB2B00CDDD08 /* ConfigFile.mm in Sources */,
				E6C05D851BA1CB2B00CDDD08 /* breakpad_nlist_64.cc in Sources */,
				E6C05D861BA1CB2B00CDDD08 /* dynamic_images.cc in Sources */,
				E6C05D871BA1CB2B00CDDD08 /* exception_handler.cc in Sources */,
				E6C05D881BA1CB2B00CDDD08 /* minidump_generator.cc in Sources */,
				E6C05D891BA1CB2B00CDDD08 /* protected_memory_allocator.cc in Sources */,
				E6C05D8A1BA1CB2B00CDDD08 /* uploader.mm in Sources */,
				E6C05D8B1BA1CB2B00CDDD08 /* minidump_file_writer.cc in Sources */,
				E6C05D8C1BA1CB2B00CDDD08 /* simple_string_dictionary.cc in Sources */,
				E6C05D8D1BA1CB2B00CDDD08 /* convert_UTF.c in Sources */,
				E6C05D8E1BA1CB2B00CDDD08 /* GTMLogger.m in Sources */,
				E6C05D8F1BA1CB2B00CDDD08 /* HTTPMultipartUpload.m in Sources */,
				E6C05D901BA1CB2B00CDDD08 /* file_id.cc in Sources */,
				E6C05D911BA1CB2B00CDDD08 /* macho_id.cc in Sources */,
				E6C05D921BA1CB2B00CDDD08 /* macho_utilities.cc in Sources */,
				E6C05D931BA1CB2B00CDDD08 /* macho_walker.cc in Sources */,
				E6C05D941BA1CB2B00CDDD08 /* string_utilities.cc in Sources */,
				E6C05D951BA1CB2B00CDDD08 /* md5.cc in Sources */,
				E6C05D961BA1CB2B00CDDD08 /* string_conversion.cc in Sources */,
			);
			runOnlyForDeploymentPostprocessing = 0;
		};
/* End PBXSourcesBuildPhase section */

/* Begin XCBuildConfiguration section */
		1DEB922308733DC00010E9CD /* Debug */ = {
			isa = XCBuildConfiguration;
			buildSettings = {
				CLANG_CXX_LANGUAGE_STANDARD = "c++0x";
				CLANG_WARN_SUSPICIOUS_IMPLICIT_CONVERSION = YES;
				ENABLE_TESTABILITY = YES;
				GCC_C_LANGUAGE_STANDARD = c99;
				GCC_OPTIMIZATION_LEVEL = 0;
				GCC_WARN_64_TO_32_BIT_CONVERSION = YES;
				GCC_WARN_ABOUT_RETURN_TYPE = YES;
				GCC_WARN_SHADOW = YES;
				GCC_WARN_SIGN_COMPARE = YES;
				GCC_WARN_UNINITIALIZED_AUTOS = YES;
				GCC_WARN_UNKNOWN_PRAGMAS = YES;
				GCC_WARN_UNUSED_FUNCTION = YES;
				GCC_WARN_UNUSED_LABEL = YES;
				GCC_WARN_UNUSED_VARIABLE = YES;
				HEADER_SEARCH_PATHS = (
					../../,
					../../client/apple/Framework,
					../../common/mac,
				);
				IPHONEOS_DEPLOYMENT_TARGET = 5.0;
				ONLY_ACTIVE_ARCH = YES;
				OTHER_LDFLAGS = "-ObjC";
				SDKROOT = iphoneos;
				WARNING_CFLAGS = "-Wundef";
			};
			name = Debug;
		};
		1DEB922408733DC00010E9CD /* Release */ = {
			isa = XCBuildConfiguration;
			buildSettings = {
				CLANG_CXX_LANGUAGE_STANDARD = "c++0x";
				CLANG_WARN_SUSPICIOUS_IMPLICIT_CONVERSION = YES;
				GCC_C_LANGUAGE_STANDARD = c99;
				GCC_WARN_64_TO_32_BIT_CONVERSION = YES;
				GCC_WARN_ABOUT_RETURN_TYPE = YES;
				GCC_WARN_SHADOW = YES;
				GCC_WARN_SIGN_COMPARE = YES;
				GCC_WARN_UNINITIALIZED_AUTOS = YES;
				GCC_WARN_UNKNOWN_PRAGMAS = YES;
				GCC_WARN_UNUSED_FUNCTION = YES;
				GCC_WARN_UNUSED_LABEL = YES;
				GCC_WARN_UNUSED_VARIABLE = YES;
				HEADER_SEARCH_PATHS = (
					../../,
					../../client/apple/Framework,
					../../common/mac,
				);
				IPHONEOS_DEPLOYMENT_TARGET = 5.0;
				OTHER_LDFLAGS = "-ObjC";
				SDKROOT = iphoneos;
				WARNING_CFLAGS = "-Wundef";
			};
			name = Release;
		};
		E62CF37B1B9F5AE40058D6FC /* Debug */ = {
			isa = XCBuildConfiguration;
			buildSettings = {
				ALWAYS_SEARCH_USER_PATHS = NO;
				CLANG_CXX_LANGUAGE_STANDARD = "gnu++0x";
				CLANG_CXX_LIBRARY = "libc++";
				CLANG_ENABLE_MODULES = YES;
				CLANG_ENABLE_OBJC_ARC = YES;
				CLANG_WARN_BOOL_CONVERSION = YES;
				CLANG_WARN_CONSTANT_CONVERSION = YES;
				CLANG_WARN_DIRECT_OBJC_ISA_USAGE = YES_ERROR;
				CLANG_WARN_EMPTY_BODY = YES;
				CLANG_WARN_ENUM_CONVERSION = YES;
				CLANG_WARN_INT_CONVERSION = YES;
				CLANG_WARN_OBJC_ROOT_CLASS = YES_ERROR;
				CLANG_WARN_UNREACHABLE_CODE = YES;
				CLANG_WARN__DUPLICATE_METHOD_MATCH = YES;
				CODE_SIGN_IDENTITY = "iPhone Developer";
				COPY_PHASE_STRIP = NO;
				CURRENT_PROJECT_VERSION = 1;
				DEBUG_INFORMATION_FORMAT = dwarf;
				DEFINES_MODULE = YES;
				DYLIB_COMPATIBILITY_VERSION = 1;
				DYLIB_CURRENT_VERSION = 1;
				DYLIB_INSTALL_NAME_BASE = "@rpath";
				ENABLE_STRICT_OBJC_MSGSEND = YES;
				ENABLE_TESTABILITY = YES;
				GCC_C_LANGUAGE_STANDARD = gnu99;
				GCC_DYNAMIC_NO_PIC = NO;
				GCC_NO_COMMON_BLOCKS = YES;
				GCC_PREPROCESSOR_DEFINITIONS = (
					"DEBUG=1",
					"$(inherited)",
				);
				GCC_WARN_ABOUT_RETURN_TYPE = YES_ERROR;
				GCC_WARN_UNDECLARED_SELECTOR = YES;
				GCC_WARN_UNINITIALIZED_AUTOS = YES_AGGRESSIVE;
				INFOPLIST_FILE = "$(SRCROOT)/Breakpad/Info.plist";
				INSTALL_PATH = "$(LOCAL_LIBRARY_DIR)/Frameworks";
				IPHONEOS_DEPLOYMENT_TARGET = 8.0;
				LD_RUNPATH_SEARCH_PATHS = "$(inherited) @executable_path/Frameworks @loader_path/Frameworks";
				MTL_ENABLE_DEBUG_INFO = YES;
				PRODUCT_BUNDLE_IDENTIFIER = com.google.Breakpad;
				PRODUCT_NAME = "$(TARGET_NAME)";
				SKIP_INSTALL = YES;
				TARGETED_DEVICE_FAMILY = "1,2";
				VERSIONING_SYSTEM = "apple-generic";
				VERSION_INFO_PREFIX = "";
			};
			name = Debug;
		};
		E62CF37C1B9F5AE40058D6FC /* Release */ = {
			isa = XCBuildConfiguration;
			buildSettings = {
				ALWAYS_SEARCH_USER_PATHS = NO;
				CLANG_CXX_LANGUAGE_STANDARD = "gnu++0x";
				CLANG_CXX_LIBRARY = "libc++";
				CLANG_ENABLE_MODULES = YES;
				CLANG_ENABLE_OBJC_ARC = YES;
				CLANG_WARN_BOOL_CONVERSION = YES;
				CLANG_WARN_CONSTANT_CONVERSION = YES;
				CLANG_WARN_DIRECT_OBJC_ISA_USAGE = YES_ERROR;
				CLANG_WARN_EMPTY_BODY = YES;
				CLANG_WARN_ENUM_CONVERSION = YES;
				CLANG_WARN_INT_CONVERSION = YES;
				CLANG_WARN_OBJC_ROOT_CLASS = YES_ERROR;
				CLANG_WARN_UNREACHABLE_CODE = YES;
				CLANG_WARN__DUPLICATE_METHOD_MATCH = YES;
				CODE_SIGN_IDENTITY = "iPhone Distribution";
				COPY_PHASE_STRIP = NO;
				CURRENT_PROJECT_VERSION = 1;
				DEBUG_INFORMATION_FORMAT = "dwarf-with-dsym";
				DEFINES_MODULE = YES;
				DYLIB_COMPATIBILITY_VERSION = 1;
				DYLIB_CURRENT_VERSION = 1;
				DYLIB_INSTALL_NAME_BASE = "@rpath";
				ENABLE_NS_ASSERTIONS = NO;
				ENABLE_STRICT_OBJC_MSGSEND = YES;
				GCC_C_LANGUAGE_STANDARD = gnu99;
				GCC_NO_COMMON_BLOCKS = YES;
				GCC_WARN_ABOUT_RETURN_TYPE = YES_ERROR;
				GCC_WARN_UNDECLARED_SELECTOR = YES;
				GCC_WARN_UNINITIALIZED_AUTOS = YES_AGGRESSIVE;
				INFOPLIST_FILE = "$(SRCROOT)/Breakpad/Info.plist";
				INSTALL_PATH = "$(LOCAL_LIBRARY_DIR)/Frameworks";
				IPHONEOS_DEPLOYMENT_TARGET = 8.0;
				LD_RUNPATH_SEARCH_PATHS = "$(inherited) @executable_path/Frameworks @loader_path/Frameworks";
				MTL_ENABLE_DEBUG_INFO = NO;
				PRODUCT_BUNDLE_IDENTIFIER = com.google.Breakpad;
				PRODUCT_NAME = "$(TARGET_NAME)";
				SKIP_INSTALL = YES;
				TARGETED_DEVICE_FAMILY = "1,2";
				VALIDATE_PRODUCT = YES;
				VERSIONING_SYSTEM = "apple-generic";
				VERSION_INFO_PREFIX = "";
			};
			name = Release;
		};
/* End XCBuildConfiguration section */

/* Begin XCConfigurationList section */
		1DEB922208733DC00010E9CD /* Build configuration list for PBXProject "Breakpad" */ = {
			isa = XCConfigurationList;
			buildConfigurations = (
				1DEB922308733DC00010E9CD /* Debug */,
				1DEB922408733DC00010E9CD /* Release */,
			);
			defaultConfigurationIsVisible = 0;
			defaultConfigurationName = Release;
		};
		E62CF37D1B9F5AE40058D6FC /* Build configuration list for PBXNativeTarget "Breakpad" */ = {
			isa = XCConfigurationList;
			buildConfigurations = (
				E62CF37B1B9F5AE40058D6FC /* Debug */,
				E62CF37C1B9F5AE40058D6FC /* Release */,
			);
			defaultConfigurationIsVisible = 0;
			defaultConfigurationName = Release;
		};
/* End XCConfigurationList section */
	};
	rootObject = 0867D690FE84028FC02AAC07 /* Project object */;
}
