// !$*UTF8*$!
{
	archiveVersion = 1;
	classes = {
	};
	objectVersion = 46;
	objects = {

/* Begin PBXBuildFile section */
		5600E9461C3BBBC000235220 /* libKIF.a in Frameworks */ = {isa = PBXBuildFile; fileRef = 5600E93B1C3BBB8300235220 /* libKIF.a */; };
		5600E94A1C3BBCC800235220 /* IOKit.framework in Frameworks */ = {isa = PBXBuildFile; fileRef = 5600E9491C3BBCC700235220 /* IOKit.framework */; };
		A88CD9831A019AFF0064F706 /* AppDelegate.swift in Sources */ = {isa = PBXBuildFile; fileRef = A88CD9821A019AFF0064F706 /* AppDelegate.swift */; };
		A88CD9851A019AFF0064F706 /* MasterViewController.swift in Sources */ = {isa = PBXBuildFile; fileRef = A88CD9841A019AFF0064F706 /* MasterViewController.swift */; };
		A88CD98A1A019AFF0064F706 /* Main.storyboard in Resources */ = {isa = PBXBuildFile; fileRef = A88CD9881A019AFF0064F706 /* Main.storyboard */; };
		A88CD98C1A019AFF0064F706 /* Images.xcassets in Resources */ = {isa = PBXBuildFile; fileRef = A88CD98B1A019AFF0064F706 /* Images.xcassets */; };
		A88CD98F1A019AFF0064F706 /* LaunchScreen.xib in Resources */ = {isa = PBXBuildFile; fileRef = A88CD98D1A019AFF0064F706 /* LaunchScreen.xib */; };
		A88CD99B1A019AFF0064F706 /* Testable_SwiftTests.swift in Sources */ = {isa = PBXBuildFile; fileRef = A88CD99A1A019AFF0064F706 /* Testable_SwiftTests.swift */; };
		A88CD9BC1A019F0B0064F706 /* SimpleObjCTest.m in Sources */ = {isa = PBXBuildFile; fileRef = A88CD9BB1A019F0B0064F706 /* SimpleObjCTest.m */; };
		A88CD9BE1A019F300064F706 /* SimpleSwiftTest.swift in Sources */ = {isa = PBXBuildFile; fileRef = A88CD9BD1A019F300064F706 /* SimpleSwiftTest.swift */; };
/* End PBXBuildFile section */

/* Begin PBXContainerItemProxy section */
		5600E93A1C3BBB8300235220 /* PBXContainerItemProxy */ = {
			isa = PBXContainerItemProxy;
			containerPortal = 5600E9321C3BBB8300235220 /* KIF.xcodeproj */;
			proxyType = 2;
			remoteGlobalIDString = EABD46AA1857A0C700A5F081;
			remoteInfo = KIF;
		};
		5600E93C1C3BBB8300235220 /* PBXContainerItemProxy */ = {
			isa = PBXContainerItemProxy;
			containerPortal = 5600E9321C3BBB8300235220 /* KIF.xcodeproj */;
			proxyType = 2;
			remoteGlobalIDString = EB60ECC1177F8C83005A041A;
			remoteInfo = "Test Host";
		};
		5600E93E1C3BBB8300235220 /* PBXContainerItemProxy */ = {
			isa = PBXContainerItemProxy;
			containerPortal = 5600E9321C3BBB8300235220 /* KIF.xcodeproj */;
			proxyType = 2;
			remoteGlobalIDString = EABD46CD1857A0F300A5F081;
			remoteInfo = "KIF Tests";
		};
		5600E9401C3BBB8300235220 /* PBXContainerItemProxy */ = {
			isa = PBXContainerItemProxy;
			containerPortal = 5600E9321C3BBB8300235220 /* KIF.xcodeproj */;
			proxyType = 2;
			remoteGlobalIDString = 9CC9673B1AD4B1B600576D13;
			remoteInfo = KIFFramework;
		};
		5600E9421C3BBB9700235220 /* PBXContainerItemProxy */ = {
			isa = PBXContainerItemProxy;
			containerPortal = 5600E9321C3BBB8300235220 /* KIF.xcodeproj */;
			proxyType = 1;
			remoteGlobalIDString = EABD46791857A0C700A5F081;
			remoteInfo = KIF;
		};
		A88CD9951A019AFF0064F706 /* PBXContainerItemProxy */ = {
			isa = PBXContainerItemProxy;
			containerPortal = A88CD9751A019AFF0064F706 /* Project object */;
			proxyType = 1;
			remoteGlobalIDString = A88CD97C1A019AFF0064F706;
			remoteInfo = "Testable Swift";
		};
/* End PBXContainerItemProxy section */

/* Begin PBXFileReference section */
		5600E9301C3BB8F700235220 /* KIF.framework */ = {isa = PBXFileReference; lastKnownFileType = wrapper.framework; name = KIF.framework; path = "../../../../build/Debug-iphoneos/KIF.framework"; sourceTree = "<group>"; };
		5600E9321C3BBB8300235220 /* KIF.xcodeproj */ = {isa = PBXFileReference; lastKnownFileType = "wrapper.pb-project"; name = KIF.xcodeproj; path = ../../../KIF.xcodeproj; sourceTree = SOURCE_ROOT; };
		5600E9491C3BBCC700235220 /* IOKit.framework */ = {isa = PBXFileReference; lastKnownFileType = wrapper.framework; name = IOKit.framework; path = Platforms/iPhoneOS.platform/Developer/SDKs/iPhoneOS.sdk/System/Library/Frameworks/IOKit.framework; sourceTree = DEVELOPER_DIR; };
		A88CD97D1A019AFF0064F706 /* Testable Swift.app */ = {isa = PBXFileReference; explicitFileType = wrapper.application; includeInIndex = 0; path = "Testable Swift.app"; sourceTree = BUILT_PRODUCTS_DIR; };
		A88CD9811A019AFF0064F706 /* Info.plist */ = {isa = PBXFileReference; lastKnownFileType = text.plist.xml; path = Info.plist; sourceTree = "<group>"; };
		A88CD9821A019AFF0064F706 /* AppDelegate.swift */ = {isa = PBXFileReference; lastKnownFileType = sourcecode.swift; path = AppDelegate.swift; sourceTree = "<group>"; };
		A88CD9841A019AFF0064F706 /* MasterViewController.swift */ = {isa = PBXFileReference; lastKnownFileType = sourcecode.swift; path = MasterViewController.swift; sourceTree = "<group>"; };
		A88CD9891A019AFF0064F706 /* Base */ = {isa = PBXFileReference; lastKnownFileType = file.storyboard; name = Base; path = Base.lproj/Main.storyboard; sourceTree = "<group>"; };
		A88CD98B1A019AFF0064F706 /* Images.xcassets */ = {isa = PBXFileReference; lastKnownFileType = folder.assetcatalog; path = Images.xcassets; sourceTree = "<group>"; };
		A88CD98E1A019AFF0064F706 /* Base */ = {isa = PBXFileReference; lastKnownFileType = file.xib; name = Base; path = Base.lproj/LaunchScreen.xib; sourceTree = "<group>"; };
		A88CD9941A019AFF0064F706 /* Testable SwiftTests.xctest */ = {isa = PBXFileReference; explicitFileType = wrapper.cfbundle; includeInIndex = 0; path = "Testable SwiftTests.xctest"; sourceTree = BUILT_PRODUCTS_DIR; };
		A88CD9991A019AFF0064F706 /* Info.plist */ = {isa = PBXFileReference; lastKnownFileType = text.plist.xml; path = Info.plist; sourceTree = "<group>"; };
		A88CD99A1A019AFF0064F706 /* Testable_SwiftTests.swift */ = {isa = PBXFileReference; lastKnownFileType = sourcecode.swift; path = Testable_SwiftTests.swift; sourceTree = "<group>"; };
		A88CD9BA1A019F0B0064F706 /* Testable SwiftTests-Bridging-Header.h */ = {isa = PBXFileReference; lastKnownFileType = sourcecode.c.h; path = "Testable SwiftTests-Bridging-Header.h"; sourceTree = "<group>"; };
		A88CD9BB1A019F0B0064F706 /* SimpleObjCTest.m */ = {isa = PBXFileReference; fileEncoding = 4; lastKnownFileType = sourcecode.c.objc; path = SimpleObjCTest.m; sourceTree = "<group>"; };
		A88CD9BD1A019F300064F706 /* SimpleSwiftTest.swift */ = {isa = PBXFileReference; fileEncoding = 4; lastKnownFileType = sourcecode.swift; path = SimpleSwiftTest.swift; sourceTree = "<group>"; };
/* End PBXFileReference section */

/* Begin PBXFrameworksBuildPhase section */
		A88CD97A1A019AFF0064F706 /* Frameworks */ = {
			isa = PBXFrameworksBuildPhase;
			buildActionMask = 2147483647;
			files = (
			);
			runOnlyForDeploymentPostprocessing = 0;
		};
		A88CD9911A019AFF0064F706 /* Frameworks */ = {
			isa = PBXFrameworksBuildPhase;
			buildActionMask = 2147483647;
			files = (
				5600E9461C3BBBC000235220 /* libKIF.a in Frameworks */,
				5600E94A1C3BBCC800235220 /* IOKit.framework in Frameworks */,
			);
			runOnlyForDeploymentPostprocessing = 0;
		};
/* End PBXFrameworksBuildPhase section */

/* Begin PBXGroup section */
		5600E9331C3BBB8300235220 /* Products */ = {
			isa = PBXGroup;
			children = (
				5600E93B1C3BBB8300235220 /* libKIF.a */,
				5600E93D1C3BBB8300235220 /* Test Host.app */,
				5600E93F1C3BBB8300235220 /* KIF Tests - XCTest.xctest */,
				5600E9411C3BBB8300235220 /* KIF.framework */,
			);
			name = Products;
			sourceTree = "<group>";
		};
		A88CD9741A019AFF0064F706 = {
			isa = PBXGroup;
			children = (
				A88CD97F1A019AFF0064F706 /* Testable Swift */,
				A88CD9971A019AFF0064F706 /* Testable SwiftTests */,
				A88CD97E1A019AFF0064F706 /* Products */,
			);
			sourceTree = "<group>";
		};
		A88CD97E1A019AFF0064F706 /* Products */ = {
			isa = PBXGroup;
			children = (
				A88CD97D1A019AFF0064F706 /* Testable Swift.app */,
				A88CD9941A019AFF0064F706 /* Testable SwiftTests.xctest */,
			);
			name = Products;
			sourceTree = "<group>";
		};
		A88CD97F1A019AFF0064F706 /* Testable Swift */ = {
			isa = PBXGroup;
			children = (
				A88CD9821A019AFF0064F706 /* AppDelegate.swift */,
				A88CD9841A019AFF0064F706 /* MasterViewController.swift */,
				A88CD9881A019AFF0064F706 /* Main.storyboard */,
				A88CD98B1A019AFF0064F706 /* Images.xcassets */,
				A88CD98D1A019AFF0064F706 /* LaunchScreen.xib */,
				A88CD9801A019AFF0064F706 /* Supporting Files */,
			);
			path = "Testable Swift";
			sourceTree = "<group>";
		};
		A88CD9801A019AFF0064F706 /* Supporting Files */ = {
			isa = PBXGroup;
			children = (
				A88CD9811A019AFF0064F706 /* Info.plist */,
			);
			name = "Supporting Files";
			sourceTree = "<group>";
		};
		A88CD9971A019AFF0064F706 /* Testable SwiftTests */ = {
			isa = PBXGroup;
			children = (
				5600E9321C3BBB8300235220 /* KIF.xcodeproj */,
				5600E9491C3BBCC700235220 /* IOKit.framework */,
				A88CD99A1A019AFF0064F706 /* Testable_SwiftTests.swift */,
				A88CD9981A019AFF0064F706 /* Supporting Files */,
				A88CD9BB1A019F0B0064F706 /* SimpleObjCTest.m */,
				A88CD9BD1A019F300064F706 /* SimpleSwiftTest.swift */,
				A88CD9BA1A019F0B0064F706 /* Testable SwiftTests-Bridging-Header.h */,
				5600E9301C3BB8F700235220 /* KIF.framework */,
			);
			path = "Testable SwiftTests";
			sourceTree = "<group>";
		};
		A88CD9981A019AFF0064F706 /* Supporting Files */ = {
			isa = PBXGroup;
			children = (
				A88CD9991A019AFF0064F706 /* Info.plist */,
			);
			name = "Supporting Files";
			sourceTree = "<group>";
		};
/* End PBXGroup section */

/* Begin PBXNativeTarget section */
		A88CD97C1A019AFF0064F706 /* Testable Swift */ = {
			isa = PBXNativeTarget;
			buildConfigurationList = A88CD99E1A019AFF0064F706 /* Build configuration list for PBXNativeTarget "Testable Swift" */;
			buildPhases = (
				A88CD9791A019AFF0064F706 /* Sources */,
				A88CD97A1A019AFF0064F706 /* Frameworks */,
				A88CD97B1A019AFF0064F706 /* Resources */,
			);
			buildRules = (
			);
			dependencies = (
			);
			name = "Testable Swift";
			productName = "Testable Swift";
			productReference = A88CD97D1A019AFF0064F706 /* Testable Swift.app */;
			productType = "com.apple.product-type.application";
		};
		A88CD9931A019AFF0064F706 /* Testable SwiftTests */ = {
			isa = PBXNativeTarget;
			buildConfigurationList = A88CD9A11A019AFF0064F706 /* Build configuration list for PBXNativeTarget "Testable SwiftTests" */;
			buildPhases = (
				A88CD9901A019AFF0064F706 /* Sources */,
				A88CD9911A019AFF0064F706 /* Frameworks */,
				A88CD9921A019AFF0064F706 /* Resources */,
			);
			buildRules = (
			);
			dependencies = (
				A88CD9961A019AFF0064F706 /* PBXTargetDependency */,
				5600E9431C3BBB9700235220 /* PBXTargetDependency */,
			);
			name = "Testable SwiftTests";
			productName = "Testable SwiftTests";
			productReference = A88CD9941A019AFF0064F706 /* Testable SwiftTests.xctest */;
			productType = "com.apple.product-type.bundle.unit-test";
		};
/* End PBXNativeTarget section */

/* Begin PBXProject section */
		A88CD9751A019AFF0064F706 /* Project object */ = {
			isa = PBXProject;
			attributes = {
				LastSwiftUpdateCheck = 0720;
				LastUpgradeCheck = 0720;
				TargetAttributes = {
					A88CD97C1A019AFF0064F706 = {
						CreatedOnToolsVersion = 6.1;
					};
					A88CD9931A019AFF0064F706 = {
						CreatedOnToolsVersion = 6.1;
						TestTargetID = A88CD97C1A019AFF0064F706;
					};
				};
			};
			buildConfigurationList = A88CD9781A019AFF0064F706 /* Build configuration list for PBXProject "Testable Swift" */;
			compatibilityVersion = "Xcode 3.2";
			developmentRegion = English;
			hasScannedForEncodings = 0;
			knownRegions = (
				en,
				Base,
			);
			mainGroup = A88CD9741A019AFF0064F706;
			productRefGroup = A88CD97E1A019AFF0064F706 /* Products */;
			projectDirPath = "";
			projectReferences = (
				{
					ProductGroup = 5600E9331C3BBB8300235220 /* Products */;
					ProjectRef = 5600E9321C3BBB8300235220 /* KIF.xcodeproj */;
				},
			);
			projectRoot = "";
			targets = (
				A88CD97C1A019AFF0064F706 /* Testable Swift */,
				A88CD9931A019AFF0064F706 /* Testable SwiftTests */,
			);
		};
/* End PBXProject section */

/* Begin PBXReferenceProxy section */
		5600E93B1C3BBB8300235220 /* libKIF.a */ = {
			isa = PBXReferenceProxy;
			fileType = archive.ar;
			path = libKIF.a;
			remoteRef = 5600E93A1C3BBB8300235220 /* PBXContainerItemProxy */;
			sourceTree = BUILT_PRODUCTS_DIR;
		};
		5600E93D1C3BBB8300235220 /* Test Host.app */ = {
			isa = PBXReferenceProxy;
			fileType = wrapper.application;
			path = "Test Host.app";
			remoteRef = 5600E93C1C3BBB8300235220 /* PBXContainerItemProxy */;
			sourceTree = BUILT_PRODUCTS_DIR;
		};
		5600E93F1C3BBB8300235220 /* KIF Tests - XCTest.xctest */ = {
			isa = PBXReferenceProxy;
			fileType = wrapper.cfbundle;
			path = "KIF Tests - XCTest.xctest";
			remoteRef = 5600E93E1C3BBB8300235220 /* PBXContainerItemProxy */;
			sourceTree = BUILT_PRODUCTS_DIR;
		};
		5600E9411C3BBB8300235220 /* KIF.framework */ = {
			isa = PBXReferenceProxy;
			fileType = wrapper.framework;
			path = KIF.framework;
			remoteRef = 5600E9401C3BBB8300235220 /* PBXContainerItemProxy */;
			sourceTree = BUILT_PRODUCTS_DIR;
		};
/* End PBXReferenceProxy section */

/* Begin PBXResourcesBuildPhase section */
		A88CD97B1A019AFF0064F706 /* Resources */ = {
			isa = PBXResourcesBuildPhase;
			buildActionMask = 2147483647;
			files = (
				A88CD98A1A019AFF0064F706 /* Main.storyboard in Resources */,
				A88CD98F1A019AFF0064F706 /* LaunchScreen.xib in Resources */,
				A88CD98C1A019AFF0064F706 /* Images.xcassets in Resources */,
			);
			runOnlyForDeploymentPostprocessing = 0;
		};
		A88CD9921A019AFF0064F706 /* Resources */ = {
			isa = PBXResourcesBuildPhase;
			buildActionMask = 2147483647;
			files = (
			);
			runOnlyForDeploymentPostprocessing = 0;
		};
/* End PBXResourcesBuildPhase section */

/* Begin PBXSourcesBuildPhase section */
		A88CD9791A019AFF0064F706 /* Sources */ = {
			isa = PBXSourcesBuildPhase;
			buildActionMask = 2147483647;
			files = (
				A88CD9851A019AFF0064F706 /* MasterViewController.swift in Sources */,
				A88CD9831A019AFF0064F706 /* AppDelegate.swift in Sources */,
			);
			runOnlyForDeploymentPostprocessing = 0;
		};
		A88CD9901A019AFF0064F706 /* Sources */ = {
			isa = PBXSourcesBuildPhase;
			buildActionMask = 2147483647;
			files = (
				A88CD99B1A019AFF0064F706 /* Testable_SwiftTests.swift in Sources */,
				A88CD9BE1A019F300064F706 /* SimpleSwiftTest.swift in Sources */,
				A88CD9BC1A019F0B0064F706 /* SimpleObjCTest.m in Sources */,
			);
			runOnlyForDeploymentPostprocessing = 0;
		};
/* End PBXSourcesBuildPhase section */

/* Begin PBXTargetDependency section */
		5600E9431C3BBB9700235220 /* PBXTargetDependency */ = {
			isa = PBXTargetDependency;
			name = KIF;
			targetProxy = 5600E9421C3BBB9700235220 /* PBXContainerItemProxy */;
		};
		A88CD9961A019AFF0064F706 /* PBXTargetDependency */ = {
			isa = PBXTargetDependency;
			target = A88CD97C1A019AFF0064F706 /* Testable Swift */;
			targetProxy = A88CD9951A019AFF0064F706 /* PBXContainerItemProxy */;
		};
/* End PBXTargetDependency section */

/* Begin PBXVariantGroup section */
		A88CD9881A019AFF0064F706 /* Main.storyboard */ = {
			isa = PBXVariantGroup;
			children = (
				A88CD9891A019AFF0064F706 /* Base */,
			);
			name = Main.storyboard;
			sourceTree = "<group>";
		};
		A88CD98D1A019AFF0064F706 /* LaunchScreen.xib */ = {
			isa = PBXVariantGroup;
			children = (
				A88CD98E1A019AFF0064F706 /* Base */,
			);
			name = LaunchScreen.xib;
			sourceTree = "<group>";
		};
/* End PBXVariantGroup section */

/* Begin XCBuildConfiguration section */
		A88CD99C1A019AFF0064F706 /* Debug */ = {
			isa = XCBuildConfiguration;
			buildSettings = {
				ALWAYS_SEARCH_USER_PATHS = NO;
				CLANG_CXX_LANGUAGE_STANDARD = "gnu++0x";
				CLANG_CXX_LIBRARY = "libc++";
				CLANG_ENABLE_MODULES = YES;
				CLANG_ENABLE_OBJC_ARC = YES;
				CLANG_WARN_BOOL_CONVERSION = YES;
				CLANG_WARN_CONSTANT_CONVERSION = YES;
				CLANG_WARN_DIRECT_OBJC_ISA_USAGE = YES_ERROR;
				CLANG_WARN_EMPTY_BODY = YES;
				CLANG_WARN_ENUM_CONVERSION = YES;
				CLANG_WARN_INT_CONVERSION = YES;
				CLANG_WARN_OBJC_ROOT_CLASS = YES_ERROR;
				CLANG_WARN_UNREACHABLE_CODE = YES;
				CLANG_WARN__DUPLICATE_METHOD_MATCH = YES;
				"CODE_SIGN_IDENTITY[sdk=iphoneos*]" = "iPhone Developer";
				COPY_PHASE_STRIP = NO;
				ENABLE_STRICT_OBJC_MSGSEND = YES;
				ENABLE_TESTABILITY = YES;
				GCC_C_LANGUAGE_STANDARD = gnu99;
				GCC_DYNAMIC_NO_PIC = NO;
				GCC_OPTIMIZATION_LEVEL = 0;
				GCC_PREPROCESSOR_DEFINITIONS = (
					"DEBUG=1",
					"$(inherited)",
				);
				GCC_SYMBOLS_PRIVATE_EXTERN = NO;
				GCC_WARN_64_TO_32_BIT_CONVERSION = YES;
				GCC_WARN_ABOUT_RETURN_TYPE = YES_ERROR;
				GCC_WARN_UNDECLARED_SELECTOR = YES;
				GCC_WARN_UNINITIALIZED_AUTOS = YES_AGGRESSIVE;
				GCC_WARN_UNUSED_FUNCTION = YES;
				GCC_WARN_UNUSED_VARIABLE = YES;
				IPHONEOS_DEPLOYMENT_TARGET = 8.1;
				MTL_ENABLE_DEBUG_INFO = YES;
				ONLY_ACTIVE_ARCH = YES;
				SDKROOT = iphoneos;
				SWIFT_OPTIMIZATION_LEVEL = "-Onone";
			};
			name = Debug;
		};
		A88CD99D1A019AFF0064F706 /* Release */ = {
			isa = XCBuildConfiguration;
			buildSettings = {
				ALWAYS_SEARCH_USER_PATHS = NO;
				CLANG_CXX_LANGUAGE_STANDARD = "gnu++0x";
				CLANG_CXX_LIBRARY = "libc++";
				CLANG_ENABLE_MODULES = YES;
				CLANG_ENABLE_OBJC_ARC = YES;
				CLANG_WARN_BOOL_CONVERSION = YES;
				CLANG_WARN_CONSTANT_CONVERSION = YES;
				CLANG_WARN_DIRECT_OBJC_ISA_USAGE = YES_ERROR;
				CLANG_WARN_EMPTY_BODY = YES;
				CLANG_WARN_ENUM_CONVERSION = YES;
				CLANG_WARN_INT_CONVERSION = YES;
				CLANG_WARN_OBJC_ROOT_CLASS = YES_ERROR;
				CLANG_WARN_UNREACHABLE_CODE = YES;
				CLANG_WARN__DUPLICATE_METHOD_MATCH = YES;
				"CODE_SIGN_IDENTITY[sdk=iphoneos*]" = "iPhone Developer";
				COPY_PHASE_STRIP = YES;
				ENABLE_NS_ASSERTIONS = NO;
				ENABLE_STRICT_OBJC_MSGSEND = YES;
				GCC_C_LANGUAGE_STANDARD = gnu99;
				GCC_WARN_64_TO_32_BIT_CONVERSION = YES;
				GCC_WARN_ABOUT_RETURN_TYPE = YES_ERROR;
				GCC_WARN_UNDECLARED_SELECTOR = YES;
				GCC_WARN_UNINITIALIZED_AUTOS = YES_AGGRESSIVE;
				GCC_WARN_UNUSED_FUNCTION = YES;
				GCC_WARN_UNUSED_VARIABLE = YES;
				IPHONEOS_DEPLOYMENT_TARGET = 8.1;
				MTL_ENABLE_DEBUG_INFO = NO;
				SDKROOT = iphoneos;
				VALIDATE_PRODUCT = YES;
			};
			name = Release;
		};
		A88CD99F1A019AFF0064F706 /* Debug */ = {
			isa = XCBuildConfiguration;
			buildSettings = {
				ASSETCATALOG_COMPILER_APPICON_NAME = AppIcon;
				INFOPLIST_FILE = "Testable Swift/Info.plist";
				LD_RUNPATH_SEARCH_PATHS = "$(inherited) @executable_path/Frameworks";
				PRODUCT_BUNDLE_IDENTIFIER = "com.squareup.$(PRODUCT_NAME:rfc1034identifier)";
				PRODUCT_NAME = "$(TARGET_NAME)";
			};
			name = Debug;
		};
		A88CD9A01A019AFF0064F706 /* Release */ = {
			isa = XCBuildConfiguration;
			buildSettings = {
				ASSETCATALOG_COMPILER_APPICON_NAME = AppIcon;
				INFOPLIST_FILE = "Testable Swift/Info.plist";
				LD_RUNPATH_SEARCH_PATHS = "$(inherited) @executable_path/Frameworks";
				PRODUCT_BUNDLE_IDENTIFIER = "com.squareup.$(PRODUCT_NAME:rfc1034identifier)";
				PRODUCT_NAME = "$(TARGET_NAME)";
			};
			name = Release;
		};
		A88CD9A21A019AFF0064F706 /* Debug */ = {
			isa = XCBuildConfiguration;
			buildSettings = {
				BUNDLE_LOADER = "$(TEST_HOST)";
				CLANG_ENABLE_MODULES = YES;
				GCC_PREPROCESSOR_DEFINITIONS = (
					"DEBUG=1",
					"$(inherited)",
				);
				INFOPLIST_FILE = "Testable SwiftTests/Info.plist";
				LD_RUNPATH_SEARCH_PATHS = "$(inherited) @executable_path/Frameworks @loader_path/Frameworks";
				OTHER_LDFLAGS = (
					"$(inherited)",
					"-framework",
					XCTest,
					"-ObjC",
				);
				PRODUCT_BUNDLE_IDENTIFIER = "com.squareup.$(PRODUCT_NAME:rfc1034identifier)";
				PRODUCT_NAME = "$(TARGET_NAME)";
				SWIFT_OBJC_BRIDGING_HEADER = "Testable SwiftTests/Testable SwiftTests-Bridging-Header.h";
				SWIFT_OPTIMIZATION_LEVEL = "-Onone";
				TEST_HOST = "$(BUILT_PRODUCTS_DIR)/Testable Swift.app/Testable Swift";
			};
			name = Debug;
		};
		A88CD9A31A019AFF0064F706 /* Release */ = {
			isa = XCBuildConfiguration;
			buildSettings = {
				BUNDLE_LOADER = "$(TEST_HOST)";
				CLANG_ENABLE_MODULES = YES;
				INFOPLIST_FILE = "Testable SwiftTests/Info.plist";
				LD_RUNPATH_SEARCH_PATHS = "$(inherited) @executable_path/Frameworks @loader_path/Frameworks";
				OTHER_LDFLAGS = (
					"$(inherited)",
					"-framework",
					XCTest,
					"-ObjC",
				);
				PRODUCT_BUNDLE_IDENTIFIER = "com.squareup.$(PRODUCT_NAME:rfc1034identifier)";
				PRODUCT_NAME = "$(TARGET_NAME)";
				SWIFT_OBJC_BRIDGING_HEADER = "Testable SwiftTests/Testable SwiftTests-Bridging-Header.h";
				TEST_HOST = "$(BUILT_PRODUCTS_DIR)/Testable Swift.app/Testable Swift";
			};
			name = Release;
		};
/* End XCBuildConfiguration section */

/* Begin XCConfigurationList section */
		A88CD9781A019AFF0064F706 /* Build configuration list for PBXProject "Testable Swift" */ = {
			isa = XCConfigurationList;
			buildConfigurations = (
				A88CD99C1A019AFF0064F706 /* Debug */,
				A88CD99D1A019AFF0064F706 /* Release */,
			);
			defaultConfigurationIsVisible = 0;
			defaultConfigurationName = Release;
		};
		A88CD99E1A019AFF0064F706 /* Build configuration list for PBXNativeTarget "Testable Swift" */ = {
			isa = XCConfigurationList;
			buildConfigurations = (
				A88CD99F1A019AFF0064F706 /* Debug */,
				A88CD9A01A019AFF0064F706 /* Release */,
			);
			defaultConfigurationIsVisible = 0;
			defaultConfigurationName = Release;
		};
		A88CD9A11A019AFF0064F706 /* Build configuration list for PBXNativeTarget "Testable SwiftTests" */ = {
			isa = XCConfigurationList;
			buildConfigurations = (
				A88CD9A21A019AFF0064F706 /* Debug */,
				A88CD9A31A019AFF0064F706 /* Release */,
			);
			defaultConfigurationIsVisible = 0;
			defaultConfigurationName = Release;
		};
/* End XCConfigurationList section */
	};
	rootObject = A88CD9751A019AFF0064F706 /* Project object */;
}
