{
  "object": {
    "pins": [
      {
        "package": "Fuzi",
        "repositoryURL": "https://github.com/cezheng/Fuzi",
        "state": {
          "branch": null,
          "revision": "f08c8323da21e985f3772610753bcfc652c2103f",
          "version": "3.1.3"
        }
      },
      {
        "package": "Glean",
        "repositoryURL": "https://github.com/mozilla/glean-swift",
        "state": {
          "branch": null,
          "revision": "54e6ef54b4e908d8eb2951fe9226c5f8392678c2",
          "version": "42.2.0"
        }
      },
      {
        "package": "MozillaRustComponentsSwift",
        "repositoryURL": "https://github.com/mozilla/rust-components-swift",
        "state": {
          "branch": null,
          "revision": "f7401cb55128c4239db92f8ffecea317eecc3ffe",
          "version": "87.2.0"
        }
      },
      {
        "package": "Sentry",
        "repositoryURL": "https://github.com/getsentry/sentry-cocoa",
        "state": {
          "branch": null,
          "revision": "967f04b3cd6989df3f9ced3060481a21646c146d",
          "version": "7.9.0"
        }
      },
      {
        "package": "SnapKit",
        "repositoryURL": "https://github.com/SnapKit/SnapKit",
        "state": {
          "branch": null,
          "revision": "d458564516e5676af9c70b4f4b2a9178294f1bc6",
          "version": "5.0.1"
        }
      },
      {
        "package": "SwiftProtobuf",
        "repositoryURL": "https://github.com/apple/swift-protobuf",
        "state": {
          "branch": null,
          "revision": "7e2c5f3cbbeea68e004915e3a8961e20bd11d824",
          "version": "1.18.0"
        }
      },
      {
        "package": "SwiftKeychainWrapper",
        "repositoryURL": "https://github.com/jrendel/SwiftKeychainWrapper",
        "state": {
          "branch": null,
          "revision": "185a3165346a03767101c4f62e9a545a0fe0530f",
          "version": "4.0.1"
        }
      },
      {
        "package": "Telemetry",
        "repositoryURL": "https://github.com/mozilla-mobile/telemetry-ios",
        "state": {
          "branch": "main",
          "revision": "68f2d813320c9fda2fb4aee4548c64293500200a",
          "version": null
        }
      }
    ]
  },
  "version": 1
}
