{
  "object": {
    "pins": [
      {
        "package": "Fuzi",
        "repositoryURL": "https://github.com/nbhasin2/Fuzi.git",
        "state": {
          "branch": "master",
          "revision": "04170682baf5c013a41270963c689c87ba0d1374",
          "version": null
        }
      },
      {
        "package": "Glean",
        "repositoryURL": "https://github.com/mozilla/glean-swift",
        "state": {
          "branch": null,
          "revision": "116ebe9e9e054b278d9f69721d1495db7551a37b",
          "version": "60.1.0"
        }
      },
      {
        "package": "MozillaRustComponentsSwift",
        "repositoryURL": "https://github.com/mozilla/rust-components-swift",
        "state": {
          "branch": null,
          "revision": "3b8bfec37b675a29797d3c12d22511351c232244",
          "version": "128.0.20240525050247"
        }
      },
      {
        "package": "Sentry",
        "repositoryURL": "https://github.com/getsentry/sentry-cocoa",
        "state": {
          "branch": null,
          "revision": "38f4f70d07117b9f958a76b1bff278c2f29ffe0e",
          "version": "8.21.0"
        }
      },
      {
        "package": "SnapKit",
        "repositoryURL": "https://github.com/SnapKit/SnapKit",
        "state": {
          "branch": null,
          "revision": "e74fe2a978d1216c3602b129447c7301573cc2d8",
          "version": "5.7.0"
        }
      }
    ]
  },
  "version": 1
}
