{
  "object": {
    "pins": [
      {
        "package": "Fuzi",
        "repositoryURL": "https://github.com/cezheng/Fuzi",
        "state": {
          "branch": null,
          "revision": "f08c8323da21e985f3772610753bcfc652c2103f",
          "version": "3.1.3"
        }
      },
      {
        "package": "Glean",
        "repositoryURL": "https://github.com/mozilla/glean-swift",
        "state": {
          "branch": null,
          "revision": "63e6475bd275399b701951925c64fd4c9a5f7c2d",
          "version": "54.0.0"
        }
      },
      {
        "package": "MozillaRustComponentsSwift",
        "repositoryURL": "https://github.com/mozilla/rust-components-swift",
        "state": {
          "branch": null,
          "revision": "1ff2ade90e84e71203e85c8176d4b1f73f6776e1",
          "version": "120.0.20231007050336"
        }
      },
      {
        "package": "Sentry",
        "repositoryURL": "https://github.com/getsentry/sentry-cocoa",
        "state": {
          "branch": null,
          "revision": "0a915b93ff3abee1a9752448e47808334d306980",
          "version": "8.13.0"
        }
      },
      {
        "package": "SnapKit",
        "repositoryURL": "https://github.com/SnapKit/SnapKit",
        "state": {
          "branch": null,
          "revision": "f222cbdf325885926566172f6f5f06af95473158",
          "version": "5.6.0"
        }
      },
      {
        "package": "Telemetry",
        "repositoryURL": "https://github.com/mozilla-mobile/telemetry-ios",
        "state": {
          "branch": "main",
          "revision": "68f2d813320c9fda2fb4aee4548c64293500200a",
          "version": null
        }
      }
    ]
  },
  "version": 1
}
