<?xml version="1.0" encoding="UTF-8"?>
<Scheme
   LastUpgradeVersion = "1020"
   version = "1.7">
   <BuildAction
      parallelizeBuildables = "YES"
      buildImplicitDependencies = "YES">
      <PostActions>
         <ExecutionAction
            ActionType = "Xcode.IDEStandardExecutionActionsCore.ExecutionActionType.ShellScriptAction">
            <ActionContent
               title = "Run Script"
               scriptText = "sh &quot;${SRCROOT}/test-fixtures/scheme-postbuild.sh&quot; || exit 1">
               <EnvironmentBuildable>
                  <BuildableReference
                     BuildableIdentifier = "primary"
                     BlueprintIdentifier = "F84B21BD1A090F8100AAB793"
                     BuildableName = "Client.app"
                     BlueprintName = "Client"
                     ReferencedContainer = "container:Client.xcodeproj">
                  </BuildableReference>
               </EnvironmentBuildable>
            </ActionContent>
         </ExecutionAction>
      </PostActions>
      <BuildActionEntries>
         <BuildActionEntry
            buildForTesting = "YES"
            buildForRunning = "YES"
            buildForProfiling = "YES"
            buildForArchiving = "YES"
            buildForAnalyzing = "YES">
            <BuildableReference
               BuildableIdentifier = "primary"
               BlueprintIdentifier = "F84B21BD1A090F8100AAB793"
               BuildableName = "Client.app"
               BlueprintName = "Client"
               ReferencedContainer = "container:Client.xcodeproj">
            </BuildableReference>
         </BuildActionEntry>
         <BuildActionEntry
            buildForTesting = "NO"
            buildForRunning = "NO"
            buildForProfiling = "NO"
            buildForArchiving = "NO"
            buildForAnalyzing = "NO">
            <BuildableReference
               BuildableIdentifier = "primary"
               BlueprintIdentifier = "2FA436041ABB83B4008031D1"
               BuildableName = "AccountTests.xctest"
               BlueprintName = "AccountTests"
               ReferencedContainer = "container:Client.xcodeproj">
            </BuildableReference>
         </BuildActionEntry>
         <BuildActionEntry
            buildForTesting = "NO"
            buildForRunning = "NO"
            buildForProfiling = "NO"
            buildForArchiving = "NO"
            buildForAnalyzing = "NO">
            <BuildableReference
               BuildableIdentifier = "primary"
               BlueprintIdentifier = "F84B21D21A090F8100AAB793"
               BuildableName = "ClientTests.xctest"
               BlueprintName = "ClientTests"
               ReferencedContainer = "container:Client.xcodeproj">
            </BuildableReference>
         </BuildActionEntry>
         <BuildActionEntry
            buildForTesting = "NO"
            buildForRunning = "NO"
            buildForProfiling = "NO"
            buildForArchiving = "NO"
            buildForAnalyzing = "NO">
            <BuildableReference
               BuildableIdentifier = "primary"
               BlueprintIdentifier = "E6F9650B1B2F1CF20034B023"
               BuildableName = "SharedTests.xctest"
               BlueprintName = "SharedTests"
               ReferencedContainer = "container:Client.xcodeproj">
            </BuildableReference>
         </BuildActionEntry>
         <BuildActionEntry
            buildForTesting = "NO"
            buildForRunning = "NO"
            buildForProfiling = "NO"
            buildForArchiving = "NO"
            buildForAnalyzing = "NO">
            <BuildableReference
               BuildableIdentifier = "primary"
               BlueprintIdentifier = "3B43E3CF1D95C48D00BBA9DB"
               BuildableName = "StoragePerfTests.xctest"
               BlueprintName = "StoragePerfTests"
               ReferencedContainer = "container:Client.xcodeproj">
            </BuildableReference>
         </BuildActionEntry>
         <BuildActionEntry
            buildForTesting = "NO"
            buildForRunning = "NO"
            buildForProfiling = "NO"
            buildForArchiving = "NO"
            buildForAnalyzing = "NO">
            <BuildableReference
               BuildableIdentifier = "primary"
               BlueprintIdentifier = "2FCAE2231ABB51F800877008"
               BuildableName = "StorageTests.xctest"
               BlueprintName = "StorageTests"
               ReferencedContainer = "container:Client.xcodeproj">
            </BuildableReference>
         </BuildActionEntry>
         <BuildActionEntry
            buildForTesting = "NO"
            buildForRunning = "NO"
            buildForProfiling = "NO"
            buildForArchiving = "NO"
            buildForAnalyzing = "NO">
            <BuildableReference
               BuildableIdentifier = "primary"
               BlueprintIdentifier = "282731671ABC9BE700AA1954"
               BuildableName = "SyncTests.xctest"
               BlueprintName = "SyncTests"
               ReferencedContainer = "container:Client.xcodeproj">
            </BuildableReference>
         </BuildActionEntry>
         <BuildActionEntry
            buildForTesting = "NO"
            buildForRunning = "NO"
            buildForProfiling = "NO"
            buildForArchiving = "NO"
            buildForAnalyzing = "NO">
            <BuildableReference
               BuildableIdentifier = "primary"
               BlueprintIdentifier = "E4D567211ADECE2700F1EFE7"
               BuildableName = "ReadingListTests.xctest"
               BlueprintName = "ReadingListTests"
               ReferencedContainer = "container:Client.xcodeproj">
            </BuildableReference>
         </BuildActionEntry>
         <BuildActionEntry
            buildForTesting = "NO"
            buildForRunning = "NO"
            buildForProfiling = "NO"
            buildForArchiving = "NO"
            buildForAnalyzing = "NO">
            <BuildableReference
               BuildableIdentifier = "primary"
               BlueprintIdentifier = "D39FA15E1A83E0EC00EE869C"
               BuildableName = "UITests.xctest"
               BlueprintName = "UITests"
               ReferencedContainer = "container:Client.xcodeproj">
            </BuildableReference>
         </BuildActionEntry>
         <BuildActionEntry
            buildForTesting = "NO"
            buildForRunning = "NO"
            buildForProfiling = "NO"
            buildForArchiving = "NO"
            buildForAnalyzing = "NO">
            <BuildableReference
               BuildableIdentifier = "primary"
               BlueprintIdentifier = "E69DB07C1E97DEA9008A67E6"
               BuildableName = "SyncTelemetryTests.xctest"
               BlueprintName = "SyncTelemetryTests"
               ReferencedContainer = "container:Client.xcodeproj">
            </BuildableReference>
         </BuildActionEntry>
      </BuildActionEntries>
   </BuildAction>
   <TestAction
      buildConfiguration = "Fennec"
      selectedDebuggerIdentifier = "Xcode.DebuggerFoundation.Debugger.LLDB"
      selectedLauncherIdentifier = "Xcode.DebuggerFoundation.Launcher.LLDB"
      shouldUseLaunchSchemeArgsEnv = "NO"
      language = "en"
      region = "US">
      <MacroExpansion>
         <BuildableReference
            BuildableIdentifier = "primary"
            BlueprintIdentifier = "F84B21BD1A090F8100AAB793"
            BuildableName = "Client.app"
            BlueprintName = "Client"
            ReferencedContainer = "container:Client.xcodeproj">
         </BuildableReference>
      </MacroExpansion>
      <CommandLineArguments>
         <CommandLineArgument
            argument = "FIREFOX_CLEAR_PROFILE"
            isEnabled = "YES">
         </CommandLineArgument>
         <CommandLineArgument
            argument = "FIREFOX_TEST"
            isEnabled = "YES">
         </CommandLineArgument>
      </CommandLineArguments>
      <TestPlans>
         <TestPlanReference
            reference = "container:XCUITests/Fennec_Enterprise_XCUITests.xctestplan"
            default = "YES">
         </TestPlanReference>
         <TestPlanReference
            reference = "container:XCUITests/PerformanceTestPlan.xctestplan">
         </TestPlanReference>
         <TestPlanReference
            reference = "container:XCUITests/SyncIntegrationTestPlan.xctestplan">
         </TestPlanReference>
         <TestPlanReference
            reference = "container:XCUITests/SmokeXCUITests.xctestplan">
         </TestPlanReference>
         <TestPlanReference
            reference = "container:Smoketest2.xctestplan">
         </TestPlanReference>
      </TestPlans>
      <Testables>
         <TestableReference
            skipped = "NO">
            <BuildableReference
               BuildableIdentifier = "primary"
               BlueprintIdentifier = "3BFE4B061D342FB800DDF53F"
               BuildableName = "XCUITests.xctest"
               BlueprintName = "XCUITests"
               ReferencedContainer = "container:Client.xcodeproj">
            </BuildableReference>
            <SkippedTests>
               <Test
                  Identifier = "ActivityStreamTest/testActivityStreamPages()">
               </Test>
               <Test
                  Identifier = "ActivityStreamTest/testDefaultSites()">
               </Test>
               <Test
                  Identifier = "ActivityStreamTest/testTopSitesOpenInNewPrivateTab()">
               </Test>
               <Test
                  Identifier = "ActivityStreamTest/testTopSitesOpenInNewPrivateTabDefaultTopSite()">
               </Test>
               <Test
                  Identifier = "ActivityStreamTest/testTopSitesOpenInNewTabDefaultTopSite()">
               </Test>
               <Test
                  Identifier = "AuthenticationTest/testPromptPassCodeUponReentry()">
               </Test>
               <Test
                  Identifier = "BaseTestCase">
               </Test>
               <Test
                  Identifier = "BookmarkingTests/testBookmarkLibraryAddDeleteBookmark()">
               </Test>
               <Test
                  Identifier = "BookmarkingTests/testBookmarksAwesomeBar()">
               </Test>
               <Test
                  Identifier = "BrowsingPDFTests">
               </Test>
               <Test
                  Identifier = "ClipBoardTests/testClipboardPasteAndGo()">
               </Test>
               <Test
                  Identifier = "CronTabsPerformanceTest">
               </Test>
               <Test
                  Identifier = "DataManagementTests/testWebSiteDataEnterFirstTime()">
               </Test>
               <Test
                  Identifier = "DomainAutocompleteTest/testDeletingCharsUpdateTheResults()">
               </Test>
               <Test
                  Identifier = "DownloadFilesTests/testToastButtonToGoToDownloads()">
               </Test>
               <Test
                  Identifier = "DragAndDropTestIpad/testTryDragAndDropBookmarkToURLBar()">
               </Test>
               <Test
                  Identifier = "DragAndDropTestIpad/testTryDragAndDropHistoryToURLBar()">
               </Test>
               <Test
                  Identifier = "FindInPageTests/testFindFromMenu()">
               </Test>
               <Test
                  Identifier = "FirstRunTourTests/testFirstRunTour()">
               </Test>
               <Test
                  Identifier = "HistoryTests/testClearPrivateDataButtonDisabled()">
               </Test>
               <Test
                  Identifier = "HistoryTests/testDeleteHistoryEntryBySwiping()">
               </Test>
               <Test
                  Identifier = "HomePageSettingsTest">
               </Test>
               <Test
                  Identifier = "HomePageUITest">
               </Test>
               <Test
                  Identifier = "IntegrationTests">
               </Test>
               <Test
                  Identifier = "IntegrationTests/testFxASyncBookmark()">
               </Test>
               <Test
                  Identifier = "NavigationTest/testLongPressLinkOptions()">
               </Test>
               <Test
                  Identifier = "NavigationTest/testNavigationPreservesDesktopSiteOnSameHost()">
               </Test>
               <Test
                  Identifier = "NavigationTest/testPopUpBlocker()">
               </Test>
               <Test
                  Identifier = "NavigationTest/testReloadPreservesMobileOrDesktopSite()">
               </Test>
               <Test
                  Identifier = "NavigationTest/testSSL()">
               </Test>
               <Test
                  Identifier = "NavigationTest/testScrollsToTopWithMultipleTabs()">
               </Test>
               <Test
                  Identifier = "NavigationTest/testToggleBetweenMobileAndDesktopSiteFromSite()">
               </Test>
               <Test
                  Identifier = "NewTabSettingsTest/testChangeNewTabSettingsShowBlankPage()">
               </Test>
               <Test
                  Identifier = "NewTabSettingsTest/testChangeNewTabSettingsShowCustomURL()">
               </Test>
               <Test
                  Identifier = "NewTabSettingsTest/testChangeNewTabSettingsShowYourBookmarks()">
               </Test>
               <Test
                  Identifier = "NewTabSettingsTest/testChangeNewTabSettingsShowYourHistory()">
               </Test>
               <Test
                  Identifier = "NewTabSettingsTest/testCheckNewTabSettingsByDefault()">
               </Test>
               <Test
                  Identifier = "NewTabSettingsTest/testToggleOffOnAdditionalContentBookmarks()">
               </Test>
               <Test
                  Identifier = "NoImageTests">
               </Test>
               <Test
                  Identifier = "PhotonActionSheetTest/testPinToTop()">
               </Test>
               <Test
                  Identifier = "PhotonActionSheetTest/testSendToDeviceFromShareOption()">
               </Test>
               <Test
                  Identifier = "PhotonActionSheetTest/testShareOptionIsShownFromShortCut()">
               </Test>
               <Test
                  Identifier = "PhotonActionSheetTest/testSharePageWithShareSheetOptions()">
               </Test>
               <Test
                  Identifier = "PrivateBrowsingTest/testClosePrivateTabsOptionClosesPrivateTabsShortCutiPad()">
               </Test>
               <Test
                  Identifier = "PrivateBrowsingTest/testiPadDirectAccessPrivateMode()">
               </Test>
               <Test
                  Identifier = "PrivateBrowsingTest/testiPadDirectAccessPrivateModeBrowserTab()">
               </Test>
               <Test
                  Identifier = "PrivateBrowsingTestIpad/testiPadDirectAccessPrivateMode()">
               </Test>
               <Test
                  Identifier = "ReaderViewTest/testAddToReaderListOptions()">
               </Test>
               <Test
                  Identifier = "ReaderViewTest/testAddToReadingList()">
               </Test>
               <Test
                  Identifier = "ReaderViewTest/testLoadReaderContent()">
               </Test>
               <Test
                  Identifier = "SaveLoginTest/testEditOneLoginEntry()">
               </Test>
               <Test
                  Identifier = "SaveLoginTest/testSaveLogin()">
               </Test>
               <Test
                  Identifier = "SaveLoginTest/testSavedLoginAutofilled()">
               </Test>
               <Test
                  Identifier = "ScreenGraphTest/testUserStateChanges()">
               </Test>
               <Test
                  Identifier = "SearchTests/testDismissPromptPresence()">
               </Test>
               <Test
                  Identifier = "SearchTests/testSearchEngine()">
               </Test>
               <Test
                  Identifier = "SearchTests/testSearchStartAfterTypingTwoWords()">
               </Test>
               <Test
                  Identifier = "SiteLoadTest">
               </Test>
               <Test
                  Identifier = "SyncUITests/testAccountManagementPage()">
               </Test>
               <Test
                  Identifier = "TabTraySearchTabsTests/testSearchTabs()">
               </Test>
               <Test
                  Identifier = "ToolbarTests/testShowDoNotShowToolbarWhenScrollingLandscape()">
               </Test>
               <Test
                  Identifier = "ToolbarTests/testShowDoNotShowToolbarWhenScrollingPortrait()">
               </Test>
               <Test
                  Identifier = "ToolbarTests/testShowToolbarWhenScrollingDefaultOption()">
               </Test>
               <Test
                  Identifier = "TopTabsTest/testAddTabFromTabTray()">
               </Test>
               <Test
                  Identifier = "TopTabsTest/testCloseAllTabsPrivateModeUndo()">
               </Test>
               <Test
                  Identifier = "TopTabsTest/testCloseAllTabsUndo()">
               </Test>
               <Test
                  Identifier = "TopTabsTest/testCloseTabFromPageOptionsMenu()">
               </Test>
               <Test
                  Identifier = "TopTabsTest/testLongTapTabCounter()">
               </Test>
               <Test
                  Identifier = "TopTabsTest/testSwitchBetweenTabsNoPrivatePrivateToastButton()">
               </Test>
               <Test
                  Identifier = "TopTabsTest/testSwitchBetweenTabsToastButton()">
               </Test>
               <Test
                  Identifier = "TopTabsTestIphone/testAddPrivateTabByLongPressTabsButton()">
               </Test>
               <Test
                  Identifier = "TopTabsTestIphone/testAddTabByLongPressTabsButton()">
               </Test>
               <Test
                  Identifier = "TopTabsTestIphone/testCloseTabFromLongPressTabsButton()">
               </Test>
               <Test
                  Identifier = "TopTabsTestIphone/testSwitchBetweenTabsNoPrivatePrivateToastButton()">
               </Test>
               <Test
                  Identifier = "TopTabsTestIphone/testSwitchBetweenTabsToastButton()">
               </Test>
               <Test
                  Identifier = "TrackingProtectionTests/testEnableDisableTPforSite()">
               </Test>
               <Test
                  Identifier = "TrackingProtectionTests/testTrackingProtection()">
               </Test>
            </SkippedTests>
         </TestableReference>
      </Testables>
   </TestAction>
   <LaunchAction
      buildConfiguration = "Fennec"
      selectedDebuggerIdentifier = "Xcode.DebuggerFoundation.Debugger.LLDB"
      selectedLauncherIdentifier = "Xcode.DebuggerFoundation.Launcher.LLDB"
      launchStyle = "1"
      useCustomWorkingDirectory = "NO"
      ignoresPersistentStateOnLaunch = "NO"
      debugDocumentVersioning = "YES"
      debugServiceExtension = "internal"
      allowLocationSimulation = "NO">
      <BuildableProductRunnable
         runnableDebuggingMode = "0">
         <BuildableReference
            BuildableIdentifier = "primary"
            BlueprintIdentifier = "F84B21BD1A090F8100AAB793"
            BuildableName = "Client.app"
            BlueprintName = "Client"
            ReferencedContainer = "container:Client.xcodeproj">
         </BuildableReference>
      </BuildableProductRunnable>
      <EnvironmentVariables>
         <EnvironmentVariable
            key = "OS_ACTIVITY_MODE"
            value = "${DEBUG_ACTIVITY_MODE}"
            isEnabled = "YES">
         </EnvironmentVariable>
      </EnvironmentVariables>
   </LaunchAction>
   <ProfileAction
      buildConfiguration = "Fennec"
      shouldUseLaunchSchemeArgsEnv = "YES"
      savedToolIdentifier = ""
      useCustomWorkingDirectory = "NO"
      debugDocumentVersioning = "YES">
      <BuildableProductRunnable
         runnableDebuggingMode = "0">
         <BuildableReference
            BuildableIdentifier = "primary"
            BlueprintIdentifier = "F84B21BD1A090F8100AAB793"
            BuildableName = "Client.app"
            BlueprintName = "Client"
            ReferencedContainer = "container:Client.xcodeproj">
         </BuildableReference>
      </BuildableProductRunnable>
   </ProfileAction>
   <AnalyzeAction
      buildConfiguration = "Fennec">
   </AnalyzeAction>
   <ArchiveAction
      buildConfiguration = "Fennec"
      revealArchiveInOrganizer = "YES">
      <PreActions>
         <ExecutionAction
            ActionType = "Xcode.IDEStandardExecutionActionsCore.ExecutionActionType.ShellScriptAction">
            <ActionContent
               title = "Run Script"
               scriptText = "/usr/local/bin/carthage checkout">
            </ActionContent>
         </ExecutionAction>
      </PreActions>
   </ArchiveAction>
</Scheme>
