{
  "originHash" : "be50b4e03eaa1ad920c16e0e91c75cce341adf0a52861f1514404afa12b3c212",
  "pins" : [
    {
      "identity" : "glean-swift",
      "kind" : "remoteSourceControl",
      "location" : "https://github.com/mozilla/glean-swift",
      "state" : {
        "revision" : "8470fb7d0ff00d1d0f845ec445fbc70b4c6cbab3",
        "version" : "66.3.0"
      }
    }
  ],
  "version" : 3
}
