// !$*UTF8*$!
{
	archiveVersion = 1;
	classes = {
	};
	objectVersion = 46;
	objects = {

/* Begin PBXBuildFile section */
		9DF7A9C61CB4ECA600D3591F /* AppDelegate.swift in Sources */ = {isa = PBXBuildFile; fileRef = 9DF7A9C51CB4ECA600D3591F /* AppDelegate.swift */; };
		9DF7A9C81CB4ECA600D3591F /* ViewControllerSwift.swift in Sources */ = {isa = PBXBuildFile; fileRef = 9DF7A9C71CB4ECA600D3591F /* ViewControllerSwift.swift */; };
		9DF7A9CB1CB4ECA600D3591F /* Main.storyboard in Resources */ = {isa = PBXBuildFile; fileRef = 9DF7A9C91CB4ECA600D3591F /* Main.storyboard */; };
		9DF7A9CD1CB4ECA600D3591F /* Assets.xcassets in Resources */ = {isa = PBXBuildFile; fileRef = 9DF7A9CC1CB4ECA600D3591F /* Assets.xcassets */; };
		9DF7A9D01CB4ECA600D3591F /* LaunchScreen.storyboard in Resources */ = {isa = PBXBuildFile; fileRef = 9DF7A9CE1CB4ECA600D3591F /* LaunchScreen.storyboard */; };
		9DFB04C21D745B22006D48FC /* iAd.framework in Frameworks */ = {isa = PBXBuildFile; fileRef = 9DFB04C11D745B22006D48FC /* iAd.framework */; };
		9DFB04C41D745B28006D48FC /* AdSupport.framework in Frameworks */ = {isa = PBXBuildFile; fileRef = 9DFB04C31D745B28006D48FC /* AdSupport.framework */; };
		9DFB04C61D745B2D006D48FC /* SafariServices.framework in Frameworks */ = {isa = PBXBuildFile; fileRef = 9DFB04C51D745B2D006D48FC /* SafariServices.framework */; };
		9DFB04C81D745B33006D48FC /* AdjustSdk.framework in Frameworks */ = {isa = PBXBuildFile; fileRef = 9DFB04C71D745B33006D48FC /* AdjustSdk.framework */; };
/* End PBXBuildFile section */

/* Begin PBXFileReference section */
		9DF7A9C21CB4ECA600D3591F /* AdjustExample-Swift.app */ = {isa = PBXFileReference; explicitFileType = wrapper.application; includeInIndex = 0; path = "AdjustExample-Swift.app"; sourceTree = BUILT_PRODUCTS_DIR; };
		9DF7A9C51CB4ECA600D3591F /* AppDelegate.swift */ = {isa = PBXFileReference; lastKnownFileType = sourcecode.swift; path = AppDelegate.swift; sourceTree = "<group>"; };
		9DF7A9C71CB4ECA600D3591F /* ViewControllerSwift.swift */ = {isa = PBXFileReference; lastKnownFileType = sourcecode.swift; path = ViewControllerSwift.swift; sourceTree = "<group>"; };
		9DF7A9CA1CB4ECA600D3591F /* Base */ = {isa = PBXFileReference; lastKnownFileType = file.storyboard; name = Base; path = Base.lproj/Main.storyboard; sourceTree = "<group>"; };
		9DF7A9CC1CB4ECA600D3591F /* Assets.xcassets */ = {isa = PBXFileReference; lastKnownFileType = folder.assetcatalog; path = Assets.xcassets; sourceTree = "<group>"; };
		9DF7A9CF1CB4ECA600D3591F /* Base */ = {isa = PBXFileReference; lastKnownFileType = file.storyboard; name = Base; path = Base.lproj/LaunchScreen.storyboard; sourceTree = "<group>"; };
		9DF7A9D11CB4ECA600D3591F /* Info.plist */ = {isa = PBXFileReference; lastKnownFileType = text.plist.xml; path = Info.plist; sourceTree = "<group>"; };
		9DF7A9DF1CB4F01B00D3591F /* AdjustExample-Swift-Bridging-Header.h */ = {isa = PBXFileReference; lastKnownFileType = sourcecode.c.h; path = "AdjustExample-Swift-Bridging-Header.h"; sourceTree = "<group>"; };
		9DFB04C11D745B22006D48FC /* iAd.framework */ = {isa = PBXFileReference; lastKnownFileType = wrapper.framework; name = iAd.framework; path = System/Library/Frameworks/iAd.framework; sourceTree = SDKROOT; };
		9DFB04C31D745B28006D48FC /* AdSupport.framework */ = {isa = PBXFileReference; lastKnownFileType = wrapper.framework; name = AdSupport.framework; path = System/Library/Frameworks/AdSupport.framework; sourceTree = SDKROOT; };
		9DFB04C51D745B2D006D48FC /* SafariServices.framework */ = {isa = PBXFileReference; lastKnownFileType = wrapper.framework; name = SafariServices.framework; path = System/Library/Frameworks/SafariServices.framework; sourceTree = SDKROOT; };
		9DFB04C71D745B33006D48FC /* AdjustSdk.framework */ = {isa = PBXFileReference; lastKnownFileType = wrapper.framework; name = AdjustSdk.framework; path = Adjust/AdjustSdk.framework; sourceTree = "<group>"; };
/* End PBXFileReference section */

/* Begin PBXFrameworksBuildPhase section */
		9DF7A9BF1CB4ECA600D3591F /* Frameworks */ = {
			isa = PBXFrameworksBuildPhase;
			buildActionMask = 2147483647;
			files = (
				9DFB04C21D745B22006D48FC /* iAd.framework in Frameworks */,
				9DFB04C81D745B33006D48FC /* AdjustSdk.framework in Frameworks */,
				9DFB04C41D745B28006D48FC /* AdSupport.framework in Frameworks */,
				9DFB04C61D745B2D006D48FC /* SafariServices.framework in Frameworks */,
			);
			runOnlyForDeploymentPostprocessing = 0;
		};
/* End PBXFrameworksBuildPhase section */

/* Begin PBXGroup section */
		9DF7A9B91CB4ECA600D3591F = {
			isa = PBXGroup;
			children = (
				9DF7A9C41CB4ECA600D3591F /* AdjustExample-Swift */,
				9DF7A9C31CB4ECA600D3591F /* Products */,
			);
			sourceTree = "<group>";
		};
		9DF7A9C31CB4ECA600D3591F /* Products */ = {
			isa = PBXGroup;
			children = (
				9DF7A9C21CB4ECA600D3591F /* AdjustExample-Swift.app */,
			);
			name = Products;
			sourceTree = "<group>";
		};
		9DF7A9C41CB4ECA600D3591F /* AdjustExample-Swift */ = {
			isa = PBXGroup;
			children = (
				9DF7A9C51CB4ECA600D3591F /* AppDelegate.swift */,
				9DF7A9C71CB4ECA600D3591F /* ViewControllerSwift.swift */,
				9DF7A9C91CB4ECA600D3591F /* Main.storyboard */,
				9DF7A9CC1CB4ECA600D3591F /* Assets.xcassets */,
				9DF7A9CE1CB4ECA600D3591F /* LaunchScreen.storyboard */,
				9DF7A9D11CB4ECA600D3591F /* Info.plist */,
				9DF7A9DF1CB4F01B00D3591F /* AdjustExample-Swift-Bridging-Header.h */,
				9DFB04C01D745B13006D48FC /* Frameworks */,
			);
			path = "AdjustExample-Swift";
			sourceTree = "<group>";
		};
		9DFB04C01D745B13006D48FC /* Frameworks */ = {
			isa = PBXGroup;
			children = (
				9DFB04C11D745B22006D48FC /* iAd.framework */,
				9DFB04C71D745B33006D48FC /* AdjustSdk.framework */,
				9DFB04C31D745B28006D48FC /* AdSupport.framework */,
				9DFB04C51D745B2D006D48FC /* SafariServices.framework */,
			);
			name = Frameworks;
			sourceTree = "<group>";
		};
/* End PBXGroup section */

/* Begin PBXNativeTarget section */
		9DF7A9C11CB4ECA600D3591F /* AdjustExample-Swift */ = {
			isa = PBXNativeTarget;
			buildConfigurationList = 9DF7A9D41CB4ECA600D3591F /* Build configuration list for PBXNativeTarget "AdjustExample-Swift" */;
			buildPhases = (
				9DF7A9BE1CB4ECA600D3591F /* Sources */,
				9DF7A9BF1CB4ECA600D3591F /* Frameworks */,
				9DF7A9C01CB4ECA600D3591F /* Resources */,
			);
			buildRules = (
			);
			dependencies = (
			);
			name = "AdjustExample-Swift";
			productName = "AdjustExample-Swift";
			productReference = 9DF7A9C21CB4ECA600D3591F /* AdjustExample-Swift.app */;
			productType = "com.apple.product-type.application";
		};
/* End PBXNativeTarget section */

/* Begin PBXProject section */
		9DF7A9BA1CB4ECA600D3591F /* Project object */ = {
			isa = PBXProject;
			attributes = {
				LastSwiftUpdateCheck = 0730;
				LastUpgradeCheck = 0730;
				ORGANIZATIONNAME = "adjust GmbH";
				TargetAttributes = {
					9DF7A9C11CB4ECA600D3591F = {
						CreatedOnToolsVersion = 7.3;
						LastSwiftMigration = 0800;
					};
				};
			};
			buildConfigurationList = 9DF7A9BD1CB4ECA600D3591F /* Build configuration list for PBXProject "AdjustExample-Swift" */;
			compatibilityVersion = "Xcode 3.2";
			developmentRegion = English;
			hasScannedForEncodings = 0;
			knownRegions = (
				en,
				Base,
			);
			mainGroup = 9DF7A9B91CB4ECA600D3591F;
			productRefGroup = 9DF7A9C31CB4ECA600D3591F /* Products */;
			projectDirPath = "";
			projectRoot = "";
			targets = (
				9DF7A9C11CB4ECA600D3591F /* AdjustExample-Swift */,
			);
		};
/* End PBXProject section */

/* Begin PBXResourcesBuildPhase section */
		9DF7A9C01CB4ECA600D3591F /* Resources */ = {
			isa = PBXResourcesBuildPhase;
			buildActionMask = 2147483647;
			files = (
				9DF7A9D01CB4ECA600D3591F /* LaunchScreen.storyboard in Resources */,
				9DF7A9CD1CB4ECA600D3591F /* Assets.xcassets in Resources */,
				9DF7A9CB1CB4ECA600D3591F /* Main.storyboard in Resources */,
			);
			runOnlyForDeploymentPostprocessing = 0;
		};
/* End PBXResourcesBuildPhase section */

/* Begin PBXSourcesBuildPhase section */
		9DF7A9BE1CB4ECA600D3591F /* Sources */ = {
			isa = PBXSourcesBuildPhase;
			buildActionMask = 2147483647;
			files = (
				9DF7A9C81CB4ECA600D3591F /* ViewControllerSwift.swift in Sources */,
				9DF7A9C61CB4ECA600D3591F /* AppDelegate.swift in Sources */,
			);
			runOnlyForDeploymentPostprocessing = 0;
		};
/* End PBXSourcesBuildPhase section */

/* Begin PBXVariantGroup section */
		9DF7A9C91CB4ECA600D3591F /* Main.storyboard */ = {
			isa = PBXVariantGroup;
			children = (
				9DF7A9CA1CB4ECA600D3591F /* Base */,
			);
			name = Main.storyboard;
			sourceTree = "<group>";
		};
		9DF7A9CE1CB4ECA600D3591F /* LaunchScreen.storyboard */ = {
			isa = PBXVariantGroup;
			children = (
				9DF7A9CF1CB4ECA600D3591F /* Base */,
			);
			name = LaunchScreen.storyboard;
			sourceTree = "<group>";
		};
/* End PBXVariantGroup section */

/* Begin XCBuildConfiguration section */
		9DF7A9D21CB4ECA600D3591F /* Debug */ = {
			isa = XCBuildConfiguration;
			buildSettings = {
				ALWAYS_SEARCH_USER_PATHS = NO;
				CLANG_ANALYZER_NONNULL = YES;
				CLANG_CXX_LANGUAGE_STANDARD = "gnu++0x";
				CLANG_CXX_LIBRARY = "libc++";
				CLANG_ENABLE_MODULES = YES;
				CLANG_ENABLE_OBJC_ARC = YES;
				CLANG_WARN_BOOL_CONVERSION = YES;
				CLANG_WARN_CONSTANT_CONVERSION = YES;
				CLANG_WARN_DIRECT_OBJC_ISA_USAGE = YES_ERROR;
				CLANG_WARN_EMPTY_BODY = YES;
				CLANG_WARN_ENUM_CONVERSION = YES;
				CLANG_WARN_INT_CONVERSION = YES;
				CLANG_WARN_OBJC_ROOT_CLASS = YES_ERROR;
				CLANG_WARN_UNREACHABLE_CODE = YES;
				CLANG_WARN__DUPLICATE_METHOD_MATCH = YES;
				"CODE_SIGN_IDENTITY[sdk=iphoneos*]" = "iPhone Developer";
				COPY_PHASE_STRIP = NO;
				DEBUG_INFORMATION_FORMAT = dwarf;
				ENABLE_STRICT_OBJC_MSGSEND = YES;
				ENABLE_TESTABILITY = YES;
				GCC_C_LANGUAGE_STANDARD = gnu99;
				GCC_DYNAMIC_NO_PIC = NO;
				GCC_NO_COMMON_BLOCKS = YES;
				GCC_OPTIMIZATION_LEVEL = 0;
				GCC_PREPROCESSOR_DEFINITIONS = (
					"DEBUG=1",
					"$(inherited)",
				);
				GCC_WARN_64_TO_32_BIT_CONVERSION = YES;
				GCC_WARN_ABOUT_RETURN_TYPE = YES_ERROR;
				GCC_WARN_UNDECLARED_SELECTOR = YES;
				GCC_WARN_UNINITIALIZED_AUTOS = YES_AGGRESSIVE;
				GCC_WARN_UNUSED_FUNCTION = YES;
				GCC_WARN_UNUSED_VARIABLE = YES;
				IPHONEOS_DEPLOYMENT_TARGET = 8.0;
				MTL_ENABLE_DEBUG_INFO = YES;
				ONLY_ACTIVE_ARCH = YES;
				SDKROOT = iphoneos;
				SWIFT_OPTIMIZATION_LEVEL = "-Onone";
			};
			name = Debug;
		};
		9DF7A9D31CB4ECA600D3591F /* Release */ = {
			isa = XCBuildConfiguration;
			buildSettings = {
				ALWAYS_SEARCH_USER_PATHS = NO;
				CLANG_ANALYZER_NONNULL = YES;
				CLANG_CXX_LANGUAGE_STANDARD = "gnu++0x";
				CLANG_CXX_LIBRARY = "libc++";
				CLANG_ENABLE_MODULES = YES;
				CLANG_ENABLE_OBJC_ARC = YES;
				CLANG_WARN_BOOL_CONVERSION = YES;
				CLANG_WARN_CONSTANT_CONVERSION = YES;
				CLANG_WARN_DIRECT_OBJC_ISA_USAGE = YES_ERROR;
				CLANG_WARN_EMPTY_BODY = YES;
				CLANG_WARN_ENUM_CONVERSION = YES;
				CLANG_WARN_INT_CONVERSION = YES;
				CLANG_WARN_OBJC_ROOT_CLASS = YES_ERROR;
				CLANG_WARN_UNREACHABLE_CODE = YES;
				CLANG_WARN__DUPLICATE_METHOD_MATCH = YES;
				"CODE_SIGN_IDENTITY[sdk=iphoneos*]" = "iPhone Developer";
				COPY_PHASE_STRIP = NO;
				DEBUG_INFORMATION_FORMAT = "dwarf-with-dsym";
				ENABLE_NS_ASSERTIONS = NO;
				ENABLE_STRICT_OBJC_MSGSEND = YES;
				GCC_C_LANGUAGE_STANDARD = gnu99;
				GCC_NO_COMMON_BLOCKS = YES;
				GCC_WARN_64_TO_32_BIT_CONVERSION = YES;
				GCC_WARN_ABOUT_RETURN_TYPE = YES_ERROR;
				GCC_WARN_UNDECLARED_SELECTOR = YES;
				GCC_WARN_UNINITIALIZED_AUTOS = YES_AGGRESSIVE;
				GCC_WARN_UNUSED_FUNCTION = YES;
				GCC_WARN_UNUSED_VARIABLE = YES;
				IPHONEOS_DEPLOYMENT_TARGET = 8.0;
				MTL_ENABLE_DEBUG_INFO = NO;
				SDKROOT = iphoneos;
				VALIDATE_PRODUCT = YES;
			};
			name = Release;
		};
		9DF7A9D51CB4ECA600D3591F /* Debug */ = {
			isa = XCBuildConfiguration;
			buildSettings = {
				ASSETCATALOG_COMPILER_APPICON_NAME = AppIcon;
				CLANG_ENABLE_MODULES = YES;
				FRAMEWORK_SEARCH_PATHS = (
					"$(inherited)",
					"$(PROJECT_DIR)/AdjustExample-Swift/Adjust",
				);
				INFOPLIST_FILE = "AdjustExample-Swift/Info.plist";
				IPHONEOS_DEPLOYMENT_TARGET = 8.0;
				LD_RUNPATH_SEARCH_PATHS = "$(inherited) @executable_path/Frameworks";
				OTHER_LDFLAGS = "-ObjC";
				PRODUCT_BUNDLE_IDENTIFIER = com.adjust.example;
				PRODUCT_NAME = "$(TARGET_NAME)";
				SWIFT_OBJC_BRIDGING_HEADER = "AdjustExample-Swift/AdjustExample-Swift-Bridging-Header.h";
				SWIFT_OPTIMIZATION_LEVEL = "-Onone";
				SWIFT_VERSION = 3.0;
			};
			name = Debug;
		};
		9DF7A9D61CB4ECA600D3591F /* Release */ = {
			isa = XCBuildConfiguration;
			buildSettings = {
				ASSETCATALOG_COMPILER_APPICON_NAME = AppIcon;
				CLANG_ENABLE_MODULES = YES;
				FRAMEWORK_SEARCH_PATHS = (
					"$(inherited)",
					"$(PROJECT_DIR)/AdjustExample-Swift/Adjust",
				);
				INFOPLIST_FILE = "AdjustExample-Swift/Info.plist";
				IPHONEOS_DEPLOYMENT_TARGET = 8.0;
				LD_RUNPATH_SEARCH_PATHS = "$(inherited) @executable_path/Frameworks";
				OTHER_LDFLAGS = "-ObjC";
				PRODUCT_BUNDLE_IDENTIFIER = com.adjust.example;
				PRODUCT_NAME = "$(TARGET_NAME)";
				SWIFT_OBJC_BRIDGING_HEADER = "AdjustExample-Swift/AdjustExample-Swift-Bridging-Header.h";
				SWIFT_VERSION = 3.0;
			};
			name = Release;
		};
/* End XCBuildConfiguration section */

/* Begin XCConfigurationList section */
		9DF7A9BD1CB4ECA600D3591F /* Build configuration list for PBXProject "AdjustExample-Swift" */ = {
			isa = XCConfigurationList;
			buildConfigurations = (
				9DF7A9D21CB4ECA600D3591F /* Debug */,
				9DF7A9D31CB4ECA600D3591F /* Release */,
			);
			defaultConfigurationIsVisible = 0;
			defaultConfigurationName = Release;
		};
		9DF7A9D41CB4ECA600D3591F /* Build configuration list for PBXNativeTarget "AdjustExample-Swift" */ = {
			isa = XCConfigurationList;
			buildConfigurations = (
				9DF7A9D51CB4ECA600D3591F /* Debug */,
				9DF7A9D61CB4ECA600D3591F /* Release */,
			);
			defaultConfigurationIsVisible = 0;
			defaultConfigurationName = Release;
		};
/* End XCConfigurationList section */
	};
	rootObject = 9DF7A9BA1CB4ECA600D3591F /* Project object */;
}
